// !$*UTF8*$!
{
	archiveVersion = 1;
	classes = {
	};
	objectVersion = 50;
	objects = {

/* Begin PBXBuildFile section */
		9973354D24CF0F4600D8CC35 /* 8697cf1ely8gashxj3b09j20u00u040v.jpg in Resources */ = {isa = PBXBuildFile; fileRef = 997334FA24CF0F4600D8CC35 /* 8697cf1ely8gashxj3b09j20u00u040v.jpg */; };
		9973354E24CF0F4600D8CC35 /* d0c21786ly1gavj2c0kcej20c8096dh7.jpg in Resources */ = {isa = PBXBuildFile; fileRef = 997334FB24CF0F4600D8CC35 /* d0c21786ly1gavj2c0kcej20c8096dh7.jpg */; };
		9973354F24CF0F4600D8CC35 /* 6ec3b446jw1e8qgp5bmzyj2050050aa8.jpg in Resources */ = {isa = PBXBuildFile; fileRef = 997334FC24CF0F4600D8CC35 /* 6ec3b446jw1e8qgp5bmzyj2050050aa8.jpg */; };
		9973355024CF0F4600D8CC35 /* 8a0b5544jw1e8qgp5bmzyj2050050aa8.jpg in Resources */ = {isa = PBXBuildFile; fileRef = 997334FD24CF0F4600D8CC35 /* 8a0b5544jw1e8qgp5bmzyj2050050aa8.jpg */; };
		9973355124CF0F4600D8CC35 /* bca7fdafly1gax1gqdg6qj20c80avdgl.jpg in Resources */ = {isa = PBXBuildFile; fileRef = 997334FE24CF0F4600D8CC35 /* bca7fdafly1gax1gqdg6qj20c80avdgl.jpg */; };
		9973355224CF0F4600D8CC35 /* 9dc7402fjw1e8qgp5bmzyj2050050aa8.jpg in Resources */ = {isa = PBXBuildFile; fileRef = 997334FF24CF0F4600D8CC35 /* 9dc7402fjw1e8qgp5bmzyj2050050aa8.jpg */; };
		9973355324CF0F4600D8CC35 /* eb5c94aegy1gav25n5ibjj20zk1h8wuu.jpg in Resources */ = {isa = PBXBuildFile; fileRef = 9973350024CF0F4600D8CC35 /* eb5c94aegy1gav25n5ibjj20zk1h8wuu.jpg */; };
		9973355424CF0F4600D8CC35 /* 006gWxMEly1gavap8dywoj30hs0bwq48.jpg in Resources */ = {isa = PBXBuildFile; fileRef = 9973350124CF0F4600D8CC35 /* 006gWxMEly1gavap8dywoj30hs0bwq48.jpg */; };
		9973355524CF0F4600D8CC35 /* 630584a6gy1gau54zl806j20m80etmzo.jpg in Resources */ = {isa = PBXBuildFile; fileRef = 9973350224CF0F4600D8CC35 /* 630584a6gy1gau54zl806j20m80etmzo.jpg */; };
		9973355624CF0F4600D8CC35 /* 9dc7402fgy1gavd38wwlrj20j60nyq6y.jpg in Resources */ = {isa = PBXBuildFile; fileRef = 9973350324CF0F4600D8CC35 /* 9dc7402fgy1gavd38wwlrj20j60nyq6y.jpg */; };
		9973355724CF0F4600D8CC35 /* 8a0b5544gy1gauy2flua6j20u00hitab.jpg in Resources */ = {isa = PBXBuildFile; fileRef = 9973350424CF0F4600D8CC35 /* 8a0b5544gy1gauy2flua6j20u00hitab.jpg */; };
		9973355824CF0F4600D8CC35 /* 7f9147a5ly1fzxlh4ovuej20e90fl4fo.jpg in Resources */ = {isa = PBXBuildFile; fileRef = 9973350524CF0F4600D8CC35 /* 7f9147a5ly1fzxlh4ovuej20e90fl4fo.jpg */; };
		9973355924CF0F4600D8CC35 /* 7f9147a5ly1fzxlgxgzpij20e90fltsj.jpg in Resources */ = {isa = PBXBuildFile; fileRef = 9973350624CF0F4600D8CC35 /* 7f9147a5ly1fzxlgxgzpij20e90fltsj.jpg */; };
		9973355A24CF0F4600D8CC35 /* 76297935ly1gatz8obqvkj22c0340npe.jpg in Resources */ = {isa = PBXBuildFile; fileRef = 9973350724CF0F4600D8CC35 /* 76297935ly1gatz8obqvkj22c0340npe.jpg */; };
		9973355B24CF0F4600D8CC35 /* d0c21786ly8fsax1ftiifj20ro0ro43g.jpg in Resources */ = {isa = PBXBuildFile; fileRef = 9973350824CF0F4600D8CC35 /* d0c21786ly8fsax1ftiifj20ro0ro43g.jpg */; };
		9973355C24CF0F4600D8CC35 /* 9dc7402fgy1gavd38kqjtj20j60nyn1d.jpg in Resources */ = {isa = PBXBuildFile; fileRef = 9973350924CF0F4600D8CC35 /* 9dc7402fgy1gavd38kqjtj20j60nyn1d.jpg */; };
		9973355D24CF0F4600D8CC35 /* 6a2afec3gy1gaulykcejqj20t5145wns.jpg in Resources */ = {isa = PBXBuildFile; fileRef = 9973350A24CF0F4600D8CC35 /* 6a2afec3gy1gaulykcejqj20t5145wns.jpg */; };
		9973355E24CF0F4600D8CC35 /* 4e7f0c83gy1gam2mp0x4pj22tc240u0x.jpg in Resources */ = {isa = PBXBuildFile; fileRef = 9973350B24CF0F4600D8CC35 /* 4e7f0c83gy1gam2mp0x4pj22tc240u0x.jpg */; };
		9973355F24CF0F4600D8CC35 /* c5aa834fgy1gauzrb7s5ej20tz13qh5x.jpg in Resources */ = {isa = PBXBuildFile; fileRef = 9973350C24CF0F4600D8CC35 /* c5aa834fgy1gauzrb7s5ej20tz13qh5x.jpg */; };
		9973356024CF0F4600D8CC35 /* 700a34f6gy1gaunswxtlrj20j60pkgok.jpg in Resources */ = {isa = PBXBuildFile; fileRef = 9973350D24CF0F4600D8CC35 /* 700a34f6gy1gaunswxtlrj20j60pkgok.jpg */; };
		9973356124CF0F4600D8CC35 /* 8a0b5544gy1gauy2ex786j20u0129aed.jpg in Resources */ = {isa = PBXBuildFile; fileRef = 9973350E24CF0F4600D8CC35 /* 8a0b5544gy1gauy2ex786j20u0129aed.jpg */; };
		9973356224CF0F4600D8CC35 /* 76297935ly1gatz89dzblj23402c0qv6.jpg in Resources */ = {isa = PBXBuildFile; fileRef = 9973350F24CF0F4600D8CC35 /* 76297935ly1gatz89dzblj23402c0qv6.jpg */; };
		9973356324CF0F4600D8CC35 /* 700a34f6gy1gaunswy5qnj20j60pkadk.jpg in Resources */ = {isa = PBXBuildFile; fileRef = 9973351024CF0F4600D8CC35 /* 700a34f6gy1gaunswy5qnj20j60pkadk.jpg */; };
		9973356424CF0F4600D8CC35 /* bca7fdafgw1ekhkps65b1j2050050dg4.jpg in Resources */ = {isa = PBXBuildFile; fileRef = 9973351124CF0F4600D8CC35 /* bca7fdafgw1ekhkps65b1j2050050dg4.jpg */; };
		9973356524CF0F4700D8CC35 /* PostListData_recommend_1.json in Resources */ = {isa = PBXBuildFile; fileRef = 9973351224CF0F4600D8CC35 /* PostListData_recommend_1.json */; };
		9973356624CF0F4700D8CC35 /* 006gWxMEly8g0bjpl3ynij30kv0kv773.jpg in Resources */ = {isa = PBXBuildFile; fileRef = 9973351324CF0F4600D8CC35 /* 006gWxMEly8g0bjpl3ynij30kv0kv773.jpg */; };
		9973356724CF0F4700D8CC35 /* 6ec3b446gy1gavd51jc4lj20j60pmwhl.jpg in Resources */ = {isa = PBXBuildFile; fileRef = 9973351424CF0F4600D8CC35 /* 6ec3b446gy1gavd51jc4lj20j60pmwhl.jpg */; };
		9973356824CF0F4700D8CC35 /* 006gWxMEly1gavap88gttj30hs0a0dgf.jpg in Resources */ = {isa = PBXBuildFile; fileRef = 9973351524CF0F4600D8CC35 /* 006gWxMEly1gavap88gttj30hs0a0dgf.jpg */; };
		9973356924CF0F4700D8CC35 /* 4e7f0c83gy1gam2ml6nucj22tc240kjl.jpg in Resources */ = {isa = PBXBuildFile; fileRef = 9973351624CF0F4600D8CC35 /* 4e7f0c83gy1gam2ml6nucj22tc240kjl.jpg */; };
		9973356A24CF0F4700D8CC35 /* 4e7f0c83gy1gam2misv31j21hc0u016k.jpg in Resources */ = {isa = PBXBuildFile; fileRef = 9973351724CF0F4600D8CC35 /* 4e7f0c83gy1gam2misv31j21hc0u016k.jpg */; };
		9973356B24CF0F4700D8CC35 /* 8a0b5544gy1gauy2gmkg9j20u00gegnp.jpg in Resources */ = {isa = PBXBuildFile; fileRef = 9973351824CF0F4600D8CC35 /* 8a0b5544gy1gauy2gmkg9j20u00gegnp.jpg */; };
		9973356C24CF0F4700D8CC35 /* 006gWxMEly1gavap8vsqaj30hs0bwgm6.jpg in Resources */ = {isa = PBXBuildFile; fileRef = 9973351924CF0F4600D8CC35 /* 006gWxMEly1gavap8vsqaj30hs0bwgm6.jpg */; };
		9973356D24CF0F4700D8CC35 /* 648ed25bjw8est9nqrtnij20500503yr.jpg in Resources */ = {isa = PBXBuildFile; fileRef = 9973351A24CF0F4600D8CC35 /* 648ed25bjw8est9nqrtnij20500503yr.jpg */; };
		9973356E24CF0F4700D8CC35 /* eb5c94aegy1gav25ox6dvj20u00k1go9.jpg in Resources */ = {isa = PBXBuildFile; fileRef = 9973351B24CF0F4600D8CC35 /* eb5c94aegy1gav25ox6dvj20u00k1go9.jpg */; };
		9973356F24CF0F4700D8CC35 /* 8a0b5544gy1gauy2g35yoj20u00fomzf.jpg in Resources */ = {isa = PBXBuildFile; fileRef = 9973351C24CF0F4600D8CC35 /* 8a0b5544gy1gauy2g35yoj20u00fomzf.jpg */; };
		9973357024CF0F4700D8CC35 /* 006PdkDoly8ffywe2fq39j304g04gwed.jpg in Resources */ = {isa = PBXBuildFile; fileRef = 9973351D24CF0F4600D8CC35 /* 006PdkDoly8ffywe2fq39j304g04gwed.jpg */; };
		9973357124CF0F4700D8CC35 /* 700a34f6gy1gaunsxgzixj20j60edmz8.jpg in Resources */ = {isa = PBXBuildFile; fileRef = 9973351E24CF0F4600D8CC35 /* 700a34f6gy1gaunsxgzixj20j60edmz8.jpg */; };
		9973357224CF0F4700D8CC35 /* bca7fdafly1gax1gqdnboj20c80atmxp.jpg in Resources */ = {isa = PBXBuildFile; fileRef = 9973351F24CF0F4600D8CC35 /* bca7fdafly1gax1gqdnboj20c80atmxp.jpg */; };
		9973357324CF0F4700D8CC35 /* c5aa834fgy1gauzr6venkj20u01hc12f.jpg in Resources */ = {isa = PBXBuildFile; fileRef = 9973352024CF0F4600D8CC35 /* c5aa834fgy1gauzr6venkj20u01hc12f.jpg */; };
		9973357424CF0F4700D8CC35 /* 7f9147a5ly1fzxlh6hzdnj20e90fl7me.jpg in Resources */ = {isa = PBXBuildFile; fileRef = 9973352124CF0F4600D8CC35 /* 7f9147a5ly1fzxlh6hzdnj20e90fl7me.jpg */; };
		9973357524CF0F4700D8CC35 /* 630584a6gy1gau54zm4dtj20m80dftbv.jpg in Resources */ = {isa = PBXBuildFile; fileRef = 9973352224CF0F4600D8CC35 /* 630584a6gy1gau54zm4dtj20m80dftbv.jpg */; };
		9973357624CF0F4700D8CC35 /* c5aa834fgy1gauzr86bp5j20pb0w47in.jpg in Resources */ = {isa = PBXBuildFile; fileRef = 9973352324CF0F4600D8CC35 /* c5aa834fgy1gauzr86bp5j20pb0w47in.jpg */; };
		9973357724CF0F4700D8CC35 /* 9dc7402fgy1gavd39ba15j20j60nywii.jpg in Resources */ = {isa = PBXBuildFile; fileRef = 9973352424CF0F4600D8CC35 /* 9dc7402fgy1gavd39ba15j20j60nywii.jpg */; };
		9973357824CF0F4700D8CC35 /* bca7fdafly1gax1gqfgsjj20c80axaay.jpg in Resources */ = {isa = PBXBuildFile; fileRef = 9973352524CF0F4600D8CC35 /* bca7fdafly1gax1gqfgsjj20c80axaay.jpg */; };
		9973357924CF0F4700D8CC35 /* c5aa834fly8g97m8ix9lcj20re0regnk.jpg in Resources */ = {isa = PBXBuildFile; fileRef = 9973352624CF0F4600D8CC35 /* c5aa834fly8g97m8ix9lcj20re0regnk.jpg */; };
		9973357A24CF0F4700D8CC35 /* 700a34f6ly8g9a29rjt92j20fn0iqdg8.jpg in Resources */ = {isa = PBXBuildFile; fileRef = 9973352724CF0F4600D8CC35 /* 700a34f6ly8g9a29rjt92j20fn0iqdg8.jpg */; };
		9973357B24CF0F4700D8CC35 /* d0c21786ly1gavj2cdrkyj20c80720tg.jpg in Resources */ = {isa = PBXBuildFile; fileRef = 9973352824CF0F4600D8CC35 /* d0c21786ly1gavj2cdrkyj20c80720tg.jpg */; };
		9973357C24CF0F4700D8CC35 /* bca7fdafly1gax1gqehdaj20c80atq3x.jpg in Resources */ = {isa = PBXBuildFile; fileRef = 9973352924CF0F4600D8CC35 /* bca7fdafly1gax1gqehdaj20c80atq3x.jpg */; };
		9973357D24CF0F4700D8CC35 /* d0c21786ly1gavj2d17d9j20c808zq3r.jpg in Resources */ = {isa = PBXBuildFile; fileRef = 9973352A24CF0F4600D8CC35 /* d0c21786ly1gavj2d17d9j20c808zq3r.jpg */; };
		9973357E24CF0F4700D8CC35 /* 8a0b5544gy1gauy2gz000j20u00n6wgj.jpg in Resources */ = {isa = PBXBuildFile; fileRef = 9973352B24CF0F4600D8CC35 /* 8a0b5544gy1gauy2gz000j20u00n6wgj.jpg */; };
		9973357F24CF0F4700D8CC35 /* 006PdkDogy1gap6ngj12ej30u011itf7.jpg in Resources */ = {isa = PBXBuildFile; fileRef = 9973352C24CF0F4600D8CC35 /* 006PdkDogy1gap6ngj12ej30u011itf7.jpg */; };
		9973358024CF0F4700D8CC35 /* 700a34f6gy1gaunsx2jywj20j60pkaeu.jpg in Resources */ = {isa = PBXBuildFile; fileRef = 9973352D24CF0F4600D8CC35 /* 700a34f6gy1gaunsx2jywj20j60pkaeu.jpg */; };
		9973358124CF0F4700D8CC35 /* 4e7f0c83gy1gam2mr1b81j22tc2407wi.jpg in Resources */ = {isa = PBXBuildFile; fileRef = 9973352E24CF0F4600D8CC35 /* 4e7f0c83gy1gam2mr1b81j22tc2407wi.jpg */; };
		9973358224CF0F4700D8CC35 /* 6a2afec3jw8fb4ld0qf2gj20e80dsdfz.jpg in Resources */ = {isa = PBXBuildFile; fileRef = 9973352F24CF0F4600D8CC35 /* 6a2afec3jw8fb4ld0qf2gj20e80dsdfz.jpg */; };
		9973358324CF0F4700D8CC35 /* bca7fdafly1gax1gqd9vmj20c80ayaam.jpg in Resources */ = {isa = PBXBuildFile; fileRef = 9973353024CF0F4600D8CC35 /* bca7fdafly1gax1gqd9vmj20c80ayaam.jpg */; };
		9973358424CF0F4700D8CC35 /* 8a0b5544gy1gauy2hcozsj20u01czdiy.jpg in Resources */ = {isa = PBXBuildFile; fileRef = 9973353124CF0F4600D8CC35 /* 8a0b5544gy1gauy2hcozsj20u01czdiy.jpg */; };
		9973358524CF0F4700D8CC35 /* c5aa834fgy1gauzr95r6fj20tw0l3dq4.jpg in Resources */ = {isa = PBXBuildFile; fileRef = 9973353224CF0F4600D8CC35 /* c5aa834fgy1gauzr95r6fj20tw0l3dq4.jpg */; };
		9973358624CF0F4700D8CC35 /* 006PdkDogy1gap6ngiyn3j30u011idle.jpg in Resources */ = {isa = PBXBuildFile; fileRef = 9973353324CF0F4600D8CC35 /* 006PdkDogy1gap6ngiyn3j30u011idle.jpg */; };
		9973358724CF0F4700D8CC35 /* d0c21786ly1gavj2btv6tj20c80790tg.jpg in Resources */ = {isa = PBXBuildFile; fileRef = 9973353424CF0F4600D8CC35 /* d0c21786ly1gavj2btv6tj20c80790tg.jpg */; };
		9973358824CF0F4700D8CC35 /* PostListData_hot_1.json in Resources */ = {isa = PBXBuildFile; fileRef = 9973353524CF0F4600D8CC35 /* PostListData_hot_1.json */; };
		9973358924CF0F4700D8CC35 /* eb5c94aely8fmvumnl9baj20v90v9q49.jpg in Resources */ = {isa = PBXBuildFile; fileRef = 9973353624CF0F4600D8CC35 /* eb5c94aely8fmvumnl9baj20v90v9q49.jpg */; };
		9973358A24CF0F4700D8CC35 /* 630584a6ly8fqs5wwkkmrj20ku0kuta7.jpg in Resources */ = {isa = PBXBuildFile; fileRef = 9973353724CF0F4600D8CC35 /* 630584a6ly8fqs5wwkkmrj20ku0kuta7.jpg */; };
		9973358B24CF0F4700D8CC35 /* d0c21786ly1gavj2cowp9j20c8083ab4.jpg in Resources */ = {isa = PBXBuildFile; fileRef = 9973353824CF0F4600D8CC35 /* d0c21786ly1gavj2cowp9j20c8083ab4.jpg */; };
		9973358C24CF0F4700D8CC35 /* 9dc7402fgy1gavd367p0pj20j60nywic.jpg in Resources */ = {isa = PBXBuildFile; fileRef = 9973353924CF0F4600D8CC35 /* 9dc7402fgy1gavd367p0pj20j60nywic.jpg */; };
		9973358D24CF0F4700D8CC35 /* 006gWxMEly1gavap86qr9j30ht0qo40t.jpg in Resources */ = {isa = PBXBuildFile; fileRef = 9973353A24CF0F4600D8CC35 /* 006gWxMEly1gavap86qr9j30ht0qo40t.jpg */; };
		9973358E24CF0F4700D8CC35 /* 76297935ly1gatz8k5itij22c02c01ky.jpg in Resources */ = {isa = PBXBuildFile; fileRef = 9973353B24CF0F4600D8CC35 /* 76297935ly1gatz8k5itij22c02c01ky.jpg */; };
		9973358F24CF0F4700D8CC35 /* 76297935ly1gatz8g5rvxj22c03401kz.jpg in Resources */ = {isa = PBXBuildFile; fileRef = 9973353C24CF0F4600D8CC35 /* 76297935ly1gatz8g5rvxj22c03401kz.jpg */; };
		9973359024CF0F4700D8CC35 /* 700a34f6gy1gaunsxhp4pj20j60pkn1k.jpg in Resources */ = {isa = PBXBuildFile; fileRef = 9973353D24CF0F4600D8CC35 /* 700a34f6gy1gaunsxhp4pj20j60pkn1k.jpg */; };
		9973359124CF0F4700D8CC35 /* eb5c94aegy1gav2509cp5j20zk0k0n2j.jpg in Resources */ = {isa = PBXBuildFile; fileRef = 9973353E24CF0F4600D8CC35 /* eb5c94aegy1gav2509cp5j20zk0k0n2j.jpg */; };
		9973359224CF0F4700D8CC35 /* 4e7f0c83gy1gam2mn58d3j22tc240qv5.jpg in Resources */ = {isa = PBXBuildFile; fileRef = 9973353F24CF0F4600D8CC35 /* 4e7f0c83gy1gam2mn58d3j22tc240qv5.jpg */; };
		9973359324CF0F4700D8CC35 /* eb5c94aegy1gav26fycwlj20zk1h8drh.jpg in Resources */ = {isa = PBXBuildFile; fileRef = 9973354024CF0F4600D8CC35 /* eb5c94aegy1gav26fycwlj20zk1h8drh.jpg */; };
		9973359424CF0F4700D8CC35 /* 630584a6gy1gau54zyj61j20m80etn07.jpg in Resources */ = {isa = PBXBuildFile; fileRef = 9973354124CF0F4600D8CC35 /* 630584a6gy1gau54zyj61j20m80etn07.jpg */; };
		9973359524CF0F4700D8CC35 /* c5aa834fgy1gauzr8ok78j20tz12fk8w.jpg in Resources */ = {isa = PBXBuildFile; fileRef = 9973354224CF0F4600D8CC35 /* c5aa834fgy1gauzr8ok78j20tz12fk8w.jpg */; };
		9973359624CF0F4700D8CC35 /* 76297935ly8g4phfkq68hj20u00u0mzt.jpg in Resources */ = {isa = PBXBuildFile; fileRef = 9973354324CF0F4600D8CC35 /* 76297935ly8g4phfkq68hj20u00u0mzt.jpg */; };
		9973359724CF0F4700D8CC35 /* 9dc7402fgy1gavd37l9nwj20j60ny44q.jpg in Resources */ = {isa = PBXBuildFile; fileRef = 9973354424CF0F4600D8CC35 /* 9dc7402fgy1gavd37l9nwj20j60ny44q.jpg */; };
		9973359824CF0F4700D8CC35 /* 700a34f6gy1gaunswwui7j20j60pl78e.jpg in Resources */ = {isa = PBXBuildFile; fileRef = 9973354524CF0F4600D8CC35 /* 700a34f6gy1gaunswwui7j20j60pl78e.jpg */; };
		9973359924CF0F4700D8CC35 /* 630584a6gy1gau54zgaxhj20m80et0vq.jpg in Resources */ = {isa = PBXBuildFile; fileRef = 9973354624CF0F4600D8CC35 /* 630584a6gy1gau54zgaxhj20m80et0vq.jpg */; };
		9973359A24CF0F4700D8CC35 /* 4e7f0c83gy1gam2mjhk8zj21hc0v6wnx.jpg in Resources */ = {isa = PBXBuildFile; fileRef = 9973354724CF0F4600D8CC35 /* 4e7f0c83gy1gam2mjhk8zj21hc0v6wnx.jpg */; };
		9973359B24CF0F4700D8CC35 /* 6ec3b446gy1gavd4xud8lj20j60qkwj0.jpg in Resources */ = {isa = PBXBuildFile; fileRef = 9973354824CF0F4600D8CC35 /* 6ec3b446gy1gavd4xud8lj20j60qkwj0.jpg */; };
		9973359C24CF0F4700D8CC35 /* 4e7f0c83ly8g1ho507078j20ro0rojtq.jpg in Resources */ = {isa = PBXBuildFile; fileRef = 9973354924CF0F4600D8CC35 /* 4e7f0c83ly8g1ho507078j20ro0rojtq.jpg */; };
		9973359D24CF0F4700D8CC35 /* bca7fdafly1gax1gqdhouj20c80axaam.jpg in Resources */ = {isa = PBXBuildFile; fileRef = 9973354A24CF0F4600D8CC35 /* bca7fdafly1gax1gqdhouj20c80axaam.jpg */; };
		9973359E24CF0F4700D8CC35 /* 6ec3b446gy1gavd523embj20j60pytd6.jpg in Resources */ = {isa = PBXBuildFile; fileRef = 9973354B24CF0F4600D8CC35 /* 6ec3b446gy1gavd523embj20j60pytd6.jpg */; };
		9973359F24CF0F4700D8CC35 /* 005tnxzUly8gab4i2r73xj30u00u0js8.jpg in Resources */ = {isa = PBXBuildFile; fileRef = 9973354C24CF0F4600D8CC35 /* 005tnxzUly8gab4i2r73xj30u00u0js8.jpg */; };
		997335A124CF123800D8CC35 /* PostVIPBadge.swift in Sources */ = {isa = PBXBuildFile; fileRef = 997335A024CF123800D8CC35 /* PostVIPBadge.swift */; };
		9975C85224D5073900469D0B /* PostCellToolbarButton.swift in Sources */ = {isa = PBXBuildFile; fileRef = 9975C85124D5073900469D0B /* PostCellToolbarButton.swift */; };
		9975C85424D50BD200469D0B /* PostLiseView.swift in Sources */ = {isa = PBXBuildFile; fileRef = 9975C85324D50BD200469D0B /* PostLiseView.swift */; };
		9975C85624D50CB800469D0B /* PostCell.swift in Sources */ = {isa = PBXBuildFile; fileRef = 9975C85524D50CB800469D0B /* PostCell.swift */; };
		9984D1C224CEE7A1008FE8A7 /* AppDelegate.swift in Sources */ = {isa = PBXBuildFile; fileRef = 9984D1C124CEE7A1008FE8A7 /* AppDelegate.swift */; };
		9984D1C424CEE7A1008FE8A7 /* SceneDelegate.swift in Sources */ = {isa = PBXBuildFile; fileRef = 9984D1C324CEE7A1008FE8A7 /* SceneDelegate.swift */; };
		9984D1C624CEE7A1008FE8A7 /* ContentView.swift in Sources */ = {isa = PBXBuildFile; fileRef = 9984D1C524CEE7A1008FE8A7 /* ContentView.swift */; };
		9984D1C824CEE7A3008FE8A7 /* Assets.xcassets in Resources */ = {isa = PBXBuildFile; fileRef = 9984D1C724CEE7A3008FE8A7 /* Assets.xcassets */; };
		9984D1CB24CEE7A3008FE8A7 /* Preview Assets.xcassets in Resources */ = {isa = PBXBuildFile; fileRef = 9984D1CA24CEE7A3008FE8A7 /* Preview Assets.xcassets */; };
		9984D1CE24CEE7A3008FE8A7 /* LaunchScreen.storyboard in Resources */ = {isa = PBXBuildFile; fileRef = 9984D1CC24CEE7A3008FE8A7 /* LaunchScreen.storyboard */; };
		9984D1D924CEE7A3008FE8A7 /* WeiBoTests.swift in Sources */ = {isa = PBXBuildFile; fileRef = 9984D1D824CEE7A3008FE8A7 /* WeiBoTests.swift */; };
		9984D1E424CEE7A3008FE8A7 /* WeiBoUITests.swift in Sources */ = {isa = PBXBuildFile; fileRef = 9984D1E324CEE7A3008FE8A7 /* WeiBoUITests.swift */; };
		99A694A224E1242E00AA0697 /* PostImageCell.swift in Sources */ = {isa = PBXBuildFile; fileRef = 99A694A124E1242E00AA0697 /* PostImageCell.swift */; };
		99A694A424E1337D00AA0697 /* PostDetailView.swift in Sources */ = {isa = PBXBuildFile; fileRef = 99A694A324E1337D00AA0697 /* PostDetailView.swift */; };
		99A694A624E13BAC00AA0697 /* HomeNavigationBar.swift in Sources */ = {isa = PBXBuildFile; fileRef = 99A694A524E13BAC00AA0697 /* HomeNavigationBar.swift */; };
		99A694A824E141C700AA0697 /* HomeView.swift in Sources */ = {isa = PBXBuildFile; fileRef = 99A694A724E141C700AA0697 /* HomeView.swift */; };
		99A694AA24E1477C00AA0697 /* PostListCategory.swift in Sources */ = {isa = PBXBuildFile; fileRef = 99A694A924E1477C00AA0697 /* PostListCategory.swift */; };
		99E7F23924CF14D100DE83F8 /* Post.swift in Sources */ = {isa = PBXBuildFile; fileRef = 99E7F23824CF14D100DE83F8 /* Post.swift */; };
/* End PBXBuildFile section */

/* Begin PBXContainerItemProxy section */
		9984D1D524CEE7A3008FE8A7 /* PBXContainerItemProxy */ = {
			isa = PBXContainerItemProxy;
			containerPortal = 9984D1B624CEE7A1008FE8A7 /* Project object */;
			proxyType = 1;
			remoteGlobalIDString = 9984D1BD24CEE7A1008FE8A7;
			remoteInfo = WeiBo;
		};
		9984D1E024CEE7A3008FE8A7 /* PBXContainerItemProxy */ = {
			isa = PBXContainerItemProxy;
			containerPortal = 9984D1B624CEE7A1008FE8A7 /* Project object */;
			proxyType = 1;
			remoteGlobalIDString = 9984D1BD24CEE7A1008FE8A7;
			remoteInfo = WeiBo;
		};
/* End PBXContainerItemProxy section */

/* Begin PBXFileReference section */
		997334FA24CF0F4600D8CC35 /* 8697cf1ely8gashxj3b09j20u00u040v.jpg */ = {isa = PBXFileReference; lastKnownFileType = image.jpeg; path = 8697cf1ely8gashxj3b09j20u00u040v.jpg; sourceTree = "<group>"; };
		997334FB24CF0F4600D8CC35 /* d0c21786ly1gavj2c0kcej20c8096dh7.jpg */ = {isa = PBXFileReference; lastKnownFileType = image.jpeg; path = d0c21786ly1gavj2c0kcej20c8096dh7.jpg; sourceTree = "<group>"; };
		997334FC24CF0F4600D8CC35 /* 6ec3b446jw1e8qgp5bmzyj2050050aa8.jpg */ = {isa = PBXFileReference; lastKnownFileType = image.jpeg; path = 6ec3b446jw1e8qgp5bmzyj2050050aa8.jpg; sourceTree = "<group>"; };
		997334FD24CF0F4600D8CC35 /* 8a0b5544jw1e8qgp5bmzyj2050050aa8.jpg */ = {isa = PBXFileReference; lastKnownFileType = image.jpeg; path = 8a0b5544jw1e8qgp5bmzyj2050050aa8.jpg; sourceTree = "<group>"; };
		997334FE24CF0F4600D8CC35 /* bca7fdafly1gax1gqdg6qj20c80avdgl.jpg */ = {isa = PBXFileReference; lastKnownFileType = image.jpeg; path = bca7fdafly1gax1gqdg6qj20c80avdgl.jpg; sourceTree = "<group>"; };
		997334FF24CF0F4600D8CC35 /* 9dc7402fjw1e8qgp5bmzyj2050050aa8.jpg */ = {isa = PBXFileReference; lastKnownFileType = image.jpeg; path = 9dc7402fjw1e8qgp5bmzyj2050050aa8.jpg; sourceTree = "<group>"; };
		9973350024CF0F4600D8CC35 /* eb5c94aegy1gav25n5ibjj20zk1h8wuu.jpg */ = {isa = PBXFileReference; lastKnownFileType = image.jpeg; path = eb5c94aegy1gav25n5ibjj20zk1h8wuu.jpg; sourceTree = "<group>"; };
		9973350124CF0F4600D8CC35 /* 006gWxMEly1gavap8dywoj30hs0bwq48.jpg */ = {isa = PBXFileReference; lastKnownFileType = image.jpeg; path = 006gWxMEly1gavap8dywoj30hs0bwq48.jpg; sourceTree = "<group>"; };
		9973350224CF0F4600D8CC35 /* 630584a6gy1gau54zl806j20m80etmzo.jpg */ = {isa = PBXFileReference; lastKnownFileType = image.jpeg; path = 630584a6gy1gau54zl806j20m80etmzo.jpg; sourceTree = "<group>"; };
		9973350324CF0F4600D8CC35 /* 9dc7402fgy1gavd38wwlrj20j60nyq6y.jpg */ = {isa = PBXFileReference; lastKnownFileType = image.jpeg; path = 9dc7402fgy1gavd38wwlrj20j60nyq6y.jpg; sourceTree = "<group>"; };
		9973350424CF0F4600D8CC35 /* 8a0b5544gy1gauy2flua6j20u00hitab.jpg */ = {isa = PBXFileReference; lastKnownFileType = image.jpeg; path = 8a0b5544gy1gauy2flua6j20u00hitab.jpg; sourceTree = "<group>"; };
		9973350524CF0F4600D8CC35 /* 7f9147a5ly1fzxlh4ovuej20e90fl4fo.jpg */ = {isa = PBXFileReference; lastKnownFileType = image.jpeg; path = 7f9147a5ly1fzxlh4ovuej20e90fl4fo.jpg; sourceTree = "<group>"; };
		9973350624CF0F4600D8CC35 /* 7f9147a5ly1fzxlgxgzpij20e90fltsj.jpg */ = {isa = PBXFileReference; lastKnownFileType = image.jpeg; path = 7f9147a5ly1fzxlgxgzpij20e90fltsj.jpg; sourceTree = "<group>"; };
		9973350724CF0F4600D8CC35 /* 76297935ly1gatz8obqvkj22c0340npe.jpg */ = {isa = PBXFileReference; lastKnownFileType = image.jpeg; path = 76297935ly1gatz8obqvkj22c0340npe.jpg; sourceTree = "<group>"; };
		9973350824CF0F4600D8CC35 /* d0c21786ly8fsax1ftiifj20ro0ro43g.jpg */ = {isa = PBXFileReference; lastKnownFileType = image.jpeg; path = d0c21786ly8fsax1ftiifj20ro0ro43g.jpg; sourceTree = "<group>"; };
		9973350924CF0F4600D8CC35 /* 9dc7402fgy1gavd38kqjtj20j60nyn1d.jpg */ = {isa = PBXFileReference; lastKnownFileType = image.jpeg; path = 9dc7402fgy1gavd38kqjtj20j60nyn1d.jpg; sourceTree = "<group>"; };
		9973350A24CF0F4600D8CC35 /* 6a2afec3gy1gaulykcejqj20t5145wns.jpg */ = {isa = PBXFileReference; lastKnownFileType = image.jpeg; path = 6a2afec3gy1gaulykcejqj20t5145wns.jpg; sourceTree = "<group>"; };
		9973350B24CF0F4600D8CC35 /* 4e7f0c83gy1gam2mp0x4pj22tc240u0x.jpg */ = {isa = PBXFileReference; lastKnownFileType = image.jpeg; path = 4e7f0c83gy1gam2mp0x4pj22tc240u0x.jpg; sourceTree = "<group>"; };
		9973350C24CF0F4600D8CC35 /* c5aa834fgy1gauzrb7s5ej20tz13qh5x.jpg */ = {isa = PBXFileReference; lastKnownFileType = image.jpeg; path = c5aa834fgy1gauzrb7s5ej20tz13qh5x.jpg; sourceTree = "<group>"; };
		9973350D24CF0F4600D8CC35 /* 700a34f6gy1gaunswxtlrj20j60pkgok.jpg */ = {isa = PBXFileReference; lastKnownFileType = image.jpeg; path = 700a34f6gy1gaunswxtlrj20j60pkgok.jpg; sourceTree = "<group>"; };
		9973350E24CF0F4600D8CC35 /* 8a0b5544gy1gauy2ex786j20u0129aed.jpg */ = {isa = PBXFileReference; lastKnownFileType = image.jpeg; path = 8a0b5544gy1gauy2ex786j20u0129aed.jpg; sourceTree = "<group>"; };
		9973350F24CF0F4600D8CC35 /* 76297935ly1gatz89dzblj23402c0qv6.jpg */ = {isa = PBXFileReference; lastKnownFileType = image.jpeg; path = 76297935ly1gatz89dzblj23402c0qv6.jpg; sourceTree = "<group>"; };
		9973351024CF0F4600D8CC35 /* 700a34f6gy1gaunswy5qnj20j60pkadk.jpg */ = {isa = PBXFileReference; lastKnownFileType = image.jpeg; path = 700a34f6gy1gaunswy5qnj20j60pkadk.jpg; sourceTree = "<group>"; };
		9973351124CF0F4600D8CC35 /* bca7fdafgw1ekhkps65b1j2050050dg4.jpg */ = {isa = PBXFileReference; lastKnownFileType = image.jpeg; path = bca7fdafgw1ekhkps65b1j2050050dg4.jpg; sourceTree = "<group>"; };
		9973351224CF0F4600D8CC35 /* PostListData_recommend_1.json */ = {isa = PBXFileReference; fileEncoding = 4; lastKnownFileType = text.json; path = PostListData_recommend_1.json; sourceTree = "<group>"; };
		9973351324CF0F4600D8CC35 /* 006gWxMEly8g0bjpl3ynij30kv0kv773.jpg */ = {isa = PBXFileReference; lastKnownFileType = image.jpeg; path = 006gWxMEly8g0bjpl3ynij30kv0kv773.jpg; sourceTree = "<group>"; };
		9973351424CF0F4600D8CC35 /* 6ec3b446gy1gavd51jc4lj20j60pmwhl.jpg */ = {isa = PBXFileReference; lastKnownFileType = image.jpeg; path = 6ec3b446gy1gavd51jc4lj20j60pmwhl.jpg; sourceTree = "<group>"; };
		9973351524CF0F4600D8CC35 /* 006gWxMEly1gavap88gttj30hs0a0dgf.jpg */ = {isa = PBXFileReference; lastKnownFileType = image.jpeg; path = 006gWxMEly1gavap88gttj30hs0a0dgf.jpg; sourceTree = "<group>"; };
		9973351624CF0F4600D8CC35 /* 4e7f0c83gy1gam2ml6nucj22tc240kjl.jpg */ = {isa = PBXFileReference; lastKnownFileType = image.jpeg; path = 4e7f0c83gy1gam2ml6nucj22tc240kjl.jpg; sourceTree = "<group>"; };
		9973351724CF0F4600D8CC35 /* 4e7f0c83gy1gam2misv31j21hc0u016k.jpg */ = {isa = PBXFileReference; lastKnownFileType = image.jpeg; path = 4e7f0c83gy1gam2misv31j21hc0u016k.jpg; sourceTree = "<group>"; };
		9973351824CF0F4600D8CC35 /* 8a0b5544gy1gauy2gmkg9j20u00gegnp.jpg */ = {isa = PBXFileReference; lastKnownFileType = image.jpeg; path = 8a0b5544gy1gauy2gmkg9j20u00gegnp.jpg; sourceTree = "<group>"; };
		9973351924CF0F4600D8CC35 /* 006gWxMEly1gavap8vsqaj30hs0bwgm6.jpg */ = {isa = PBXFileReference; lastKnownFileType = image.jpeg; path = 006gWxMEly1gavap8vsqaj30hs0bwgm6.jpg; sourceTree = "<group>"; };
		9973351A24CF0F4600D8CC35 /* 648ed25bjw8est9nqrtnij20500503yr.jpg */ = {isa = PBXFileReference; lastKnownFileType = image.jpeg; path = 648ed25bjw8est9nqrtnij20500503yr.jpg; sourceTree = "<group>"; };
		9973351B24CF0F4600D8CC35 /* eb5c94aegy1gav25ox6dvj20u00k1go9.jpg */ = {isa = PBXFileReference; lastKnownFileType = image.jpeg; path = eb5c94aegy1gav25ox6dvj20u00k1go9.jpg; sourceTree = "<group>"; };
		9973351C24CF0F4600D8CC35 /* 8a0b5544gy1gauy2g35yoj20u00fomzf.jpg */ = {isa = PBXFileReference; lastKnownFileType = image.jpeg; path = 8a0b5544gy1gauy2g35yoj20u00fomzf.jpg; sourceTree = "<group>"; };
		9973351D24CF0F4600D8CC35 /* 006PdkDoly8ffywe2fq39j304g04gwed.jpg */ = {isa = PBXFileReference; lastKnownFileType = image.jpeg; path = 006PdkDoly8ffywe2fq39j304g04gwed.jpg; sourceTree = "<group>"; };
		9973351E24CF0F4600D8CC35 /* 700a34f6gy1gaunsxgzixj20j60edmz8.jpg */ = {isa = PBXFileReference; lastKnownFileType = image.jpeg; path = 700a34f6gy1gaunsxgzixj20j60edmz8.jpg; sourceTree = "<group>"; };
		9973351F24CF0F4600D8CC35 /* bca7fdafly1gax1gqdnboj20c80atmxp.jpg */ = {isa = PBXFileReference; lastKnownFileType = image.jpeg; path = bca7fdafly1gax1gqdnboj20c80atmxp.jpg; sourceTree = "<group>"; };
		9973352024CF0F4600D8CC35 /* c5aa834fgy1gauzr6venkj20u01hc12f.jpg */ = {isa = PBXFileReference; lastKnownFileType = image.jpeg; path = c5aa834fgy1gauzr6venkj20u01hc12f.jpg; sourceTree = "<group>"; };
		9973352124CF0F4600D8CC35 /* 7f9147a5ly1fzxlh6hzdnj20e90fl7me.jpg */ = {isa = PBXFileReference; lastKnownFileType = image.jpeg; path = 7f9147a5ly1fzxlh6hzdnj20e90fl7me.jpg; sourceTree = "<group>"; };
		9973352224CF0F4600D8CC35 /* 630584a6gy1gau54zm4dtj20m80dftbv.jpg */ = {isa = PBXFileReference; lastKnownFileType = image.jpeg; path = 630584a6gy1gau54zm4dtj20m80dftbv.jpg; sourceTree = "<group>"; };
		9973352324CF0F4600D8CC35 /* c5aa834fgy1gauzr86bp5j20pb0w47in.jpg */ = {isa = PBXFileReference; lastKnownFileType = image.jpeg; path = c5aa834fgy1gauzr86bp5j20pb0w47in.jpg; sourceTree = "<group>"; };
		9973352424CF0F4600D8CC35 /* 9dc7402fgy1gavd39ba15j20j60nywii.jpg */ = {isa = PBXFileReference; lastKnownFileType = image.jpeg; path = 9dc7402fgy1gavd39ba15j20j60nywii.jpg; sourceTree = "<group>"; };
		9973352524CF0F4600D8CC35 /* bca7fdafly1gax1gqfgsjj20c80axaay.jpg */ = {isa = PBXFileReference; lastKnownFileType = image.jpeg; path = bca7fdafly1gax1gqfgsjj20c80axaay.jpg; sourceTree = "<group>"; };
		9973352624CF0F4600D8CC35 /* c5aa834fly8g97m8ix9lcj20re0regnk.jpg */ = {isa = PBXFileReference; lastKnownFileType = image.jpeg; path = c5aa834fly8g97m8ix9lcj20re0regnk.jpg; sourceTree = "<group>"; };
		9973352724CF0F4600D8CC35 /* 700a34f6ly8g9a29rjt92j20fn0iqdg8.jpg */ = {isa = PBXFileReference; lastKnownFileType = image.jpeg; path = 700a34f6ly8g9a29rjt92j20fn0iqdg8.jpg; sourceTree = "<group>"; };
		9973352824CF0F4600D8CC35 /* d0c21786ly1gavj2cdrkyj20c80720tg.jpg */ = {isa = PBXFileReference; lastKnownFileType = image.jpeg; path = d0c21786ly1gavj2cdrkyj20c80720tg.jpg; sourceTree = "<group>"; };
		9973352924CF0F4600D8CC35 /* bca7fdafly1gax1gqehdaj20c80atq3x.jpg */ = {isa = PBXFileReference; lastKnownFileType = image.jpeg; path = bca7fdafly1gax1gqehdaj20c80atq3x.jpg; sourceTree = "<group>"; };
		9973352A24CF0F4600D8CC35 /* d0c21786ly1gavj2d17d9j20c808zq3r.jpg */ = {isa = PBXFileReference; lastKnownFileType = image.jpeg; path = d0c21786ly1gavj2d17d9j20c808zq3r.jpg; sourceTree = "<group>"; };
		9973352B24CF0F4600D8CC35 /* 8a0b5544gy1gauy2gz000j20u00n6wgj.jpg */ = {isa = PBXFileReference; lastKnownFileType = image.jpeg; path = 8a0b5544gy1gauy2gz000j20u00n6wgj.jpg; sourceTree = "<group>"; };
		9973352C24CF0F4600D8CC35 /* 006PdkDogy1gap6ngj12ej30u011itf7.jpg */ = {isa = PBXFileReference; lastKnownFileType = image.jpeg; path = 006PdkDogy1gap6ngj12ej30u011itf7.jpg; sourceTree = "<group>"; };
		9973352D24CF0F4600D8CC35 /* 700a34f6gy1gaunsx2jywj20j60pkaeu.jpg */ = {isa = PBXFileReference; lastKnownFileType = image.jpeg; path = 700a34f6gy1gaunsx2jywj20j60pkaeu.jpg; sourceTree = "<group>"; };
		9973352E24CF0F4600D8CC35 /* 4e7f0c83gy1gam2mr1b81j22tc2407wi.jpg */ = {isa = PBXFileReference; lastKnownFileType = image.jpeg; path = 4e7f0c83gy1gam2mr1b81j22tc2407wi.jpg; sourceTree = "<group>"; };
		9973352F24CF0F4600D8CC35 /* 6a2afec3jw8fb4ld0qf2gj20e80dsdfz.jpg */ = {isa = PBXFileReference; lastKnownFileType = image.jpeg; path = 6a2afec3jw8fb4ld0qf2gj20e80dsdfz.jpg; sourceTree = "<group>"; };
		9973353024CF0F4600D8CC35 /* bca7fdafly1gax1gqd9vmj20c80ayaam.jpg */ = {isa = PBXFileReference; lastKnownFileType = image.jpeg; path = bca7fdafly1gax1gqd9vmj20c80ayaam.jpg; sourceTree = "<group>"; };
		9973353124CF0F4600D8CC35 /* 8a0b5544gy1gauy2hcozsj20u01czdiy.jpg */ = {isa = PBXFileReference; lastKnownFileType = image.jpeg; path = 8a0b5544gy1gauy2hcozsj20u01czdiy.jpg; sourceTree = "<group>"; };
		9973353224CF0F4600D8CC35 /* c5aa834fgy1gauzr95r6fj20tw0l3dq4.jpg */ = {isa = PBXFileReference; lastKnownFileType = image.jpeg; path = c5aa834fgy1gauzr95r6fj20tw0l3dq4.jpg; sourceTree = "<group>"; };
		9973353324CF0F4600D8CC35 /* 006PdkDogy1gap6ngiyn3j30u011idle.jpg */ = {isa = PBXFileReference; lastKnownFileType = image.jpeg; path = 006PdkDogy1gap6ngiyn3j30u011idle.jpg; sourceTree = "<group>"; };
		9973353424CF0F4600D8CC35 /* d0c21786ly1gavj2btv6tj20c80790tg.jpg */ = {isa = PBXFileReference; lastKnownFileType = image.jpeg; path = d0c21786ly1gavj2btv6tj20c80790tg.jpg; sourceTree = "<group>"; };
		9973353524CF0F4600D8CC35 /* PostListData_hot_1.json */ = {isa = PBXFileReference; fileEncoding = 4; lastKnownFileType = text.json; path = PostListData_hot_1.json; sourceTree = "<group>"; };
		9973353624CF0F4600D8CC35 /* eb5c94aely8fmvumnl9baj20v90v9q49.jpg */ = {isa = PBXFileReference; lastKnownFileType = image.jpeg; path = eb5c94aely8fmvumnl9baj20v90v9q49.jpg; sourceTree = "<group>"; };
		9973353724CF0F4600D8CC35 /* 630584a6ly8fqs5wwkkmrj20ku0kuta7.jpg */ = {isa = PBXFileReference; lastKnownFileType = image.jpeg; path = 630584a6ly8fqs5wwkkmrj20ku0kuta7.jpg; sourceTree = "<group>"; };
		9973353824CF0F4600D8CC35 /* d0c21786ly1gavj2cowp9j20c8083ab4.jpg */ = {isa = PBXFileReference; lastKnownFileType = image.jpeg; path = d0c21786ly1gavj2cowp9j20c8083ab4.jpg; sourceTree = "<group>"; };
		9973353924CF0F4600D8CC35 /* 9dc7402fgy1gavd367p0pj20j60nywic.jpg */ = {isa = PBXFileReference; lastKnownFileType = image.jpeg; path = 9dc7402fgy1gavd367p0pj20j60nywic.jpg; sourceTree = "<group>"; };
		9973353A24CF0F4600D8CC35 /* 006gWxMEly1gavap86qr9j30ht0qo40t.jpg */ = {isa = PBXFileReference; lastKnownFileType = image.jpeg; path = 006gWxMEly1gavap86qr9j30ht0qo40t.jpg; sourceTree = "<group>"; };
		9973353B24CF0F4600D8CC35 /* 76297935ly1gatz8k5itij22c02c01ky.jpg */ = {isa = PBXFileReference; lastKnownFileType = image.jpeg; path = 76297935ly1gatz8k5itij22c02c01ky.jpg; sourceTree = "<group>"; };
		9973353C24CF0F4600D8CC35 /* 76297935ly1gatz8g5rvxj22c03401kz.jpg */ = {isa = PBXFileReference; lastKnownFileType = image.jpeg; path = 76297935ly1gatz8g5rvxj22c03401kz.jpg; sourceTree = "<group>"; };
		9973353D24CF0F4600D8CC35 /* 700a34f6gy1gaunsxhp4pj20j60pkn1k.jpg */ = {isa = PBXFileReference; lastKnownFileType = image.jpeg; path = 700a34f6gy1gaunsxhp4pj20j60pkn1k.jpg; sourceTree = "<group>"; };
		9973353E24CF0F4600D8CC35 /* eb5c94aegy1gav2509cp5j20zk0k0n2j.jpg */ = {isa = PBXFileReference; lastKnownFileType = image.jpeg; path = eb5c94aegy1gav2509cp5j20zk0k0n2j.jpg; sourceTree = "<group>"; };
		9973353F24CF0F4600D8CC35 /* 4e7f0c83gy1gam2mn58d3j22tc240qv5.jpg */ = {isa = PBXFileReference; lastKnownFileType = image.jpeg; path = 4e7f0c83gy1gam2mn58d3j22tc240qv5.jpg; sourceTree = "<group>"; };
		9973354024CF0F4600D8CC35 /* eb5c94aegy1gav26fycwlj20zk1h8drh.jpg */ = {isa = PBXFileReference; lastKnownFileType = image.jpeg; path = eb5c94aegy1gav26fycwlj20zk1h8drh.jpg; sourceTree = "<group>"; };
		9973354124CF0F4600D8CC35 /* 630584a6gy1gau54zyj61j20m80etn07.jpg */ = {isa = PBXFileReference; lastKnownFileType = image.jpeg; path = 630584a6gy1gau54zyj61j20m80etn07.jpg; sourceTree = "<group>"; };
		9973354224CF0F4600D8CC35 /* c5aa834fgy1gauzr8ok78j20tz12fk8w.jpg */ = {isa = PBXFileReference; lastKnownFileType = image.jpeg; path = c5aa834fgy1gauzr8ok78j20tz12fk8w.jpg; sourceTree = "<group>"; };
		9973354324CF0F4600D8CC35 /* 76297935ly8g4phfkq68hj20u00u0mzt.jpg */ = {isa = PBXFileReference; lastKnownFileType = image.jpeg; path = 76297935ly8g4phfkq68hj20u00u0mzt.jpg; sourceTree = "<group>"; };
		9973354424CF0F4600D8CC35 /* 9dc7402fgy1gavd37l9nwj20j60ny44q.jpg */ = {isa = PBXFileReference; lastKnownFileType = image.jpeg; path = 9dc7402fgy1gavd37l9nwj20j60ny44q.jpg; sourceTree = "<group>"; };
		9973354524CF0F4600D8CC35 /* 700a34f6gy1gaunswwui7j20j60pl78e.jpg */ = {isa = PBXFileReference; lastKnownFileType = image.jpeg; path = 700a34f6gy1gaunswwui7j20j60pl78e.jpg; sourceTree = "<group>"; };
		9973354624CF0F4600D8CC35 /* 630584a6gy1gau54zgaxhj20m80et0vq.jpg */ = {isa = PBXFileReference; lastKnownFileType = image.jpeg; path = 630584a6gy1gau54zgaxhj20m80et0vq.jpg; sourceTree = "<group>"; };
		9973354724CF0F4600D8CC35 /* 4e7f0c83gy1gam2mjhk8zj21hc0v6wnx.jpg */ = {isa = PBXFileReference; lastKnownFileType = image.jpeg; path = 4e7f0c83gy1gam2mjhk8zj21hc0v6wnx.jpg; sourceTree = "<group>"; };
		9973354824CF0F4600D8CC35 /* 6ec3b446gy1gavd4xud8lj20j60qkwj0.jpg */ = {isa = PBXFileReference; lastKnownFileType = image.jpeg; path = 6ec3b446gy1gavd4xud8lj20j60qkwj0.jpg; sourceTree = "<group>"; };
		9973354924CF0F4600D8CC35 /* 4e7f0c83ly8g1ho507078j20ro0rojtq.jpg */ = {isa = PBXFileReference; lastKnownFileType = image.jpeg; path = 4e7f0c83ly8g1ho507078j20ro0rojtq.jpg; sourceTree = "<group>"; };
		9973354A24CF0F4600D8CC35 /* bca7fdafly1gax1gqdhouj20c80axaam.jpg */ = {isa = PBXFileReference; lastKnownFileType = image.jpeg; path = bca7fdafly1gax1gqdhouj20c80axaam.jpg; sourceTree = "<group>"; };
		9973354B24CF0F4600D8CC35 /* 6ec3b446gy1gavd523embj20j60pytd6.jpg */ = {isa = PBXFileReference; lastKnownFileType = image.jpeg; path = 6ec3b446gy1gavd523embj20j60pytd6.jpg; sourceTree = "<group>"; };
		9973354C24CF0F4600D8CC35 /* 005tnxzUly8gab4i2r73xj30u00u0js8.jpg */ = {isa = PBXFileReference; lastKnownFileType = image.jpeg; path = 005tnxzUly8gab4i2r73xj30u00u0js8.jpg; sourceTree = "<group>"; };
		997335A024CF123800D8CC35 /* PostVIPBadge.swift */ = {isa = PBXFileReference; lastKnownFileType = sourcecode.swift; path = PostVIPBadge.swift; sourceTree = "<group>"; };
		9975C85124D5073900469D0B /* PostCellToolbarButton.swift */ = {isa = PBXFileReference; lastKnownFileType = sourcecode.swift; path = PostCellToolbarButton.swift; sourceTree = "<group>"; };
		9975C85324D50BD200469D0B /* PostLiseView.swift */ = {isa = PBXFileReference; lastKnownFileType = sourcecode.swift; path = PostLiseView.swift; sourceTree = "<group>"; };
		9975C85524D50CB800469D0B /* PostCell.swift */ = {isa = PBXFileReference; lastKnownFileType = sourcecode.swift; path = PostCell.swift; sourceTree = "<group>"; };
		9984D1BE24CEE7A1008FE8A7 /* WeiBoSwiftUI.app */ = {isa = PBXFileReference; explicitFileType = wrapper.application; includeInIndex = 0; path = WeiBoSwiftUI.app; sourceTree = BUILT_PRODUCTS_DIR; };
		9984D1C124CEE7A1008FE8A7 /* AppDelegate.swift */ = {isa = PBXFileReference; lastKnownFileType = sourcecode.swift; path = AppDelegate.swift; sourceTree = "<group>"; };
		9984D1C324CEE7A1008FE8A7 /* SceneDelegate.swift */ = {isa = PBXFileReference; lastKnownFileType = sourcecode.swift; path = SceneDelegate.swift; sourceTree = "<group>"; };
		9984D1C524CEE7A1008FE8A7 /* ContentView.swift */ = {isa = PBXFileReference; lastKnownFileType = sourcecode.swift; path = ContentView.swift; sourceTree = "<group>"; };
		9984D1C724CEE7A3008FE8A7 /* Assets.xcassets */ = {isa = PBXFileReference; lastKnownFileType = folder.assetcatalog; path = Assets.xcassets; sourceTree = "<group>"; };
		9984D1CA24CEE7A3008FE8A7 /* Preview Assets.xcassets */ = {isa = PBXFileReference; lastKnownFileType = folder.assetcatalog; path = "Preview Assets.xcassets"; sourceTree = "<group>"; };
		9984D1CD24CEE7A3008FE8A7 /* Base */ = {isa = PBXFileReference; lastKnownFileType = file.storyboard; name = Base; path = Base.lproj/LaunchScreen.storyboard; sourceTree = "<group>"; };
		9984D1CF24CEE7A3008FE8A7 /* Info.plist */ = {isa = PBXFileReference; lastKnownFileType = text.plist.xml; path = Info.plist; sourceTree = "<group>"; };
		9984D1D424CEE7A3008FE8A7 /* WeiBoSwiftUITests.xctest */ = {isa = PBXFileReference; explicitFileType = wrapper.cfbundle; includeInIndex = 0; path = WeiBoSwiftUITests.xctest; sourceTree = BUILT_PRODUCTS_DIR; };
		9984D1D824CEE7A3008FE8A7 /* WeiBoTests.swift */ = {isa = PBXFileReference; lastKnownFileType = sourcecode.swift; path = WeiBoTests.swift; sourceTree = "<group>"; };
		9984D1DA24CEE7A3008FE8A7 /* Info.plist */ = {isa = PBXFileReference; lastKnownFileType = text.plist.xml; path = Info.plist; sourceTree = "<group>"; };
		9984D1DF24CEE7A3008FE8A7 /* WeiBoSwiftUIUITests.xctest */ = {isa = PBXFileReference; explicitFileType = wrapper.cfbundle; includeInIndex = 0; path = WeiBoSwiftUIUITests.xctest; sourceTree = BUILT_PRODUCTS_DIR; };
		9984D1E324CEE7A3008FE8A7 /* WeiBoUITests.swift */ = {isa = PBXFileReference; lastKnownFileType = sourcecode.swift; path = WeiBoUITests.swift; sourceTree = "<group>"; };
		9984D1E524CEE7A3008FE8A7 /* Info.plist */ = {isa = PBXFileReference; lastKnownFileType = text.plist.xml; path = Info.plist; sourceTree = "<group>"; };
		99A694A124E1242E00AA0697 /* PostImageCell.swift */ = {isa = PBXFileReference; lastKnownFileType = sourcecode.swift; path = PostImageCell.swift; sourceTree = "<group>"; };
		99A694A324E1337D00AA0697 /* PostDetailView.swift */ = {isa = PBXFileReference; lastKnownFileType = sourcecode.swift; path = PostDetailView.swift; sourceTree = "<group>"; };
		99A694A524E13BAC00AA0697 /* HomeNavigationBar.swift */ = {isa = PBXFileReference; lastKnownFileType = sourcecode.swift; path = HomeNavigationBar.swift; sourceTree = "<group>"; };
		99A694A724E141C700AA0697 /* HomeView.swift */ = {isa = PBXFileReference; lastKnownFileType = sourcecode.swift; path = HomeView.swift; sourceTree = "<group>"; };
		99A694A924E1477C00AA0697 /* PostListCategory.swift */ = {isa = PBXFileReference; lastKnownFileType = sourcecode.swift; path = PostListCategory.swift; sourceTree = "<group>"; };
		99E7F23824CF14D100DE83F8 /* Post.swift */ = {isa = PBXFileReference; lastKnownFileType = sourcecode.swift; path = Post.swift; sourceTree = "<group>"; };
/* End PBXFileReference section */

/* Begin PBXFrameworksBuildPhase section */
		9984D1BB24CEE7A1008FE8A7 /* Frameworks */ = {
			isa = PBXFrameworksBuildPhase;
			buildActionMask = 2147483647;
			files = (
			);
			runOnlyForDeploymentPostprocessing = 0;
		};
		9984D1D124CEE7A3008FE8A7 /* Frameworks */ = {
			isa = PBXFrameworksBuildPhase;
			buildActionMask = 2147483647;
			files = (
			);
			runOnlyForDeploymentPostprocessing = 0;
		};
		9984D1DC24CEE7A3008FE8A7 /* Frameworks */ = {
			isa = PBXFrameworksBuildPhase;
			buildActionMask = 2147483647;
			files = (
			);
			runOnlyForDeploymentPostprocessing = 0;
		};
/* End PBXFrameworksBuildPhase section */

/* Begin PBXGroup section */
		997334F924CF0F4600D8CC35 /* Resources */ = {
			isa = PBXGroup;
			children = (
				997334FA24CF0F4600D8CC35 /* 8697cf1ely8gashxj3b09j20u00u040v.jpg */,
				997334FB24CF0F4600D8CC35 /* d0c21786ly1gavj2c0kcej20c8096dh7.jpg */,
				997334FC24CF0F4600D8CC35 /* 6ec3b446jw1e8qgp5bmzyj2050050aa8.jpg */,
				997334FD24CF0F4600D8CC35 /* 8a0b5544jw1e8qgp5bmzyj2050050aa8.jpg */,
				997334FE24CF0F4600D8CC35 /* bca7fdafly1gax1gqdg6qj20c80avdgl.jpg */,
				997334FF24CF0F4600D8CC35 /* 9dc7402fjw1e8qgp5bmzyj2050050aa8.jpg */,
				9973350024CF0F4600D8CC35 /* eb5c94aegy1gav25n5ibjj20zk1h8wuu.jpg */,
				9973350124CF0F4600D8CC35 /* 006gWxMEly1gavap8dywoj30hs0bwq48.jpg */,
				9973350224CF0F4600D8CC35 /* 630584a6gy1gau54zl806j20m80etmzo.jpg */,
				9973350324CF0F4600D8CC35 /* 9dc7402fgy1gavd38wwlrj20j60nyq6y.jpg */,
				9973350424CF0F4600D8CC35 /* 8a0b5544gy1gauy2flua6j20u00hitab.jpg */,
				9973350524CF0F4600D8CC35 /* 7f9147a5ly1fzxlh4ovuej20e90fl4fo.jpg */,
				9973350624CF0F4600D8CC35 /* 7f9147a5ly1fzxlgxgzpij20e90fltsj.jpg */,
				9973350724CF0F4600D8CC35 /* 76297935ly1gatz8obqvkj22c0340npe.jpg */,
				9973350824CF0F4600D8CC35 /* d0c21786ly8fsax1ftiifj20ro0ro43g.jpg */,
				9973350924CF0F4600D8CC35 /* 9dc7402fgy1gavd38kqjtj20j60nyn1d.jpg */,
				9973350A24CF0F4600D8CC35 /* 6a2afec3gy1gaulykcejqj20t5145wns.jpg */,
				9973350B24CF0F4600D8CC35 /* 4e7f0c83gy1gam2mp0x4pj22tc240u0x.jpg */,
				9973350C24CF0F4600D8CC35 /* c5aa834fgy1gauzrb7s5ej20tz13qh5x.jpg */,
				9973350D24CF0F4600D8CC35 /* 700a34f6gy1gaunswxtlrj20j60pkgok.jpg */,
				9973350E24CF0F4600D8CC35 /* 8a0b5544gy1gauy2ex786j20u0129aed.jpg */,
				9973350F24CF0F4600D8CC35 /* 76297935ly1gatz89dzblj23402c0qv6.jpg */,
				9973351024CF0F4600D8CC35 /* 700a34f6gy1gaunswy5qnj20j60pkadk.jpg */,
				9973351124CF0F4600D8CC35 /* bca7fdafgw1ekhkps65b1j2050050dg4.jpg */,
				9973351224CF0F4600D8CC35 /* PostListData_recommend_1.json */,
				9973351324CF0F4600D8CC35 /* 006gWxMEly8g0bjpl3ynij30kv0kv773.jpg */,
				9973351424CF0F4600D8CC35 /* 6ec3b446gy1gavd51jc4lj20j60pmwhl.jpg */,
				9973351524CF0F4600D8CC35 /* 006gWxMEly1gavap88gttj30hs0a0dgf.jpg */,
				9973351624CF0F4600D8CC35 /* 4e7f0c83gy1gam2ml6nucj22tc240kjl.jpg */,
				9973351724CF0F4600D8CC35 /* 4e7f0c83gy1gam2misv31j21hc0u016k.jpg */,
				9973351824CF0F4600D8CC35 /* 8a0b5544gy1gauy2gmkg9j20u00gegnp.jpg */,
				9973351924CF0F4600D8CC35 /* 006gWxMEly1gavap8vsqaj30hs0bwgm6.jpg */,
				9973351A24CF0F4600D8CC35 /* 648ed25bjw8est9nqrtnij20500503yr.jpg */,
				9973351B24CF0F4600D8CC35 /* eb5c94aegy1gav25ox6dvj20u00k1go9.jpg */,
				9973351C24CF0F4600D8CC35 /* 8a0b5544gy1gauy2g35yoj20u00fomzf.jpg */,
				9973351D24CF0F4600D8CC35 /* 006PdkDoly8ffywe2fq39j304g04gwed.jpg */,
				9973351E24CF0F4600D8CC35 /* 700a34f6gy1gaunsxgzixj20j60edmz8.jpg */,
				9973351F24CF0F4600D8CC35 /* bca7fdafly1gax1gqdnboj20c80atmxp.jpg */,
				9973352024CF0F4600D8CC35 /* c5aa834fgy1gauzr6venkj20u01hc12f.jpg */,
				9973352124CF0F4600D8CC35 /* 7f9147a5ly1fzxlh6hzdnj20e90fl7me.jpg */,
				9973352224CF0F4600D8CC35 /* 630584a6gy1gau54zm4dtj20m80dftbv.jpg */,
				9973352324CF0F4600D8CC35 /* c5aa834fgy1gauzr86bp5j20pb0w47in.jpg */,
				9973352424CF0F4600D8CC35 /* 9dc7402fgy1gavd39ba15j20j60nywii.jpg */,
				9973352524CF0F4600D8CC35 /* bca7fdafly1gax1gqfgsjj20c80axaay.jpg */,
				9973352624CF0F4600D8CC35 /* c5aa834fly8g97m8ix9lcj20re0regnk.jpg */,
				9973352724CF0F4600D8CC35 /* 700a34f6ly8g9a29rjt92j20fn0iqdg8.jpg */,
				9973352824CF0F4600D8CC35 /* d0c21786ly1gavj2cdrkyj20c80720tg.jpg */,
				9973352924CF0F4600D8CC35 /* bca7fdafly1gax1gqehdaj20c80atq3x.jpg */,
				9973352A24CF0F4600D8CC35 /* d0c21786ly1gavj2d17d9j20c808zq3r.jpg */,
				9973352B24CF0F4600D8CC35 /* 8a0b5544gy1gauy2gz000j20u00n6wgj.jpg */,
				9973352C24CF0F4600D8CC35 /* 006PdkDogy1gap6ngj12ej30u011itf7.jpg */,
				9973352D24CF0F4600D8CC35 /* 700a34f6gy1gaunsx2jywj20j60pkaeu.jpg */,
				9973352E24CF0F4600D8CC35 /* 4e7f0c83gy1gam2mr1b81j22tc2407wi.jpg */,
				9973352F24CF0F4600D8CC35 /* 6a2afec3jw8fb4ld0qf2gj20e80dsdfz.jpg */,
				9973353024CF0F4600D8CC35 /* bca7fdafly1gax1gqd9vmj20c80ayaam.jpg */,
				9973353124CF0F4600D8CC35 /* 8a0b5544gy1gauy2hcozsj20u01czdiy.jpg */,
				9973353224CF0F4600D8CC35 /* c5aa834fgy1gauzr95r6fj20tw0l3dq4.jpg */,
				9973353324CF0F4600D8CC35 /* 006PdkDogy1gap6ngiyn3j30u011idle.jpg */,
				9973353424CF0F4600D8CC35 /* d0c21786ly1gavj2btv6tj20c80790tg.jpg */,
				9973353524CF0F4600D8CC35 /* PostListData_hot_1.json */,
				9973353624CF0F4600D8CC35 /* eb5c94aely8fmvumnl9baj20v90v9q49.jpg */,
				9973353724CF0F4600D8CC35 /* 630584a6ly8fqs5wwkkmrj20ku0kuta7.jpg */,
				9973353824CF0F4600D8CC35 /* d0c21786ly1gavj2cowp9j20c8083ab4.jpg */,
				9973353924CF0F4600D8CC35 /* 9dc7402fgy1gavd367p0pj20j60nywic.jpg */,
				9973353A24CF0F4600D8CC35 /* 006gWxMEly1gavap86qr9j30ht0qo40t.jpg */,
				9973353B24CF0F4600D8CC35 /* 76297935ly1gatz8k5itij22c02c01ky.jpg */,
				9973353C24CF0F4600D8CC35 /* 76297935ly1gatz8g5rvxj22c03401kz.jpg */,
				9973353D24CF0F4600D8CC35 /* 700a34f6gy1gaunsxhp4pj20j60pkn1k.jpg */,
				9973353E24CF0F4600D8CC35 /* eb5c94aegy1gav2509cp5j20zk0k0n2j.jpg */,
				9973353F24CF0F4600D8CC35 /* 4e7f0c83gy1gam2mn58d3j22tc240qv5.jpg */,
				9973354024CF0F4600D8CC35 /* eb5c94aegy1gav26fycwlj20zk1h8drh.jpg */,
				9973354124CF0F4600D8CC35 /* 630584a6gy1gau54zyj61j20m80etn07.jpg */,
				9973354224CF0F4600D8CC35 /* c5aa834fgy1gauzr8ok78j20tz12fk8w.jpg */,
				9973354324CF0F4600D8CC35 /* 76297935ly8g4phfkq68hj20u00u0mzt.jpg */,
				9973354424CF0F4600D8CC35 /* 9dc7402fgy1gavd37l9nwj20j60ny44q.jpg */,
				9973354524CF0F4600D8CC35 /* 700a34f6gy1gaunswwui7j20j60pl78e.jpg */,
				9973354624CF0F4600D8CC35 /* 630584a6gy1gau54zgaxhj20m80et0vq.jpg */,
				9973354724CF0F4600D8CC35 /* 4e7f0c83gy1gam2mjhk8zj21hc0v6wnx.jpg */,
				9973354824CF0F4600D8CC35 /* 6ec3b446gy1gavd4xud8lj20j60qkwj0.jpg */,
				9973354924CF0F4600D8CC35 /* 4e7f0c83ly8g1ho507078j20ro0rojtq.jpg */,
				9973354A24CF0F4600D8CC35 /* bca7fdafly1gax1gqdhouj20c80axaam.jpg */,
				9973354B24CF0F4600D8CC35 /* 6ec3b446gy1gavd523embj20j60pytd6.jpg */,
				9973354C24CF0F4600D8CC35 /* 005tnxzUly8gab4i2r73xj30u00u0js8.jpg */,
			);
			path = Resources;
			sourceTree = "<group>";
		};
		9984D1B524CEE7A1008FE8A7 = {
			isa = PBXGroup;
			children = (
				9984D1C024CEE7A1008FE8A7 /* WeiBo */,
				9984D1D724CEE7A3008FE8A7 /* WeiBoTests */,
				9984D1E224CEE7A3008FE8A7 /* WeiBoUITests */,
				9984D1BF24CEE7A1008FE8A7 /* Products */,
			);
			sourceTree = "<group>";
		};
		9984D1BF24CEE7A1008FE8A7 /* Products */ = {
			isa = PBXGroup;
			children = (
				9984D1BE24CEE7A1008FE8A7 /* WeiBoSwiftUI.app */,
				9984D1D424CEE7A3008FE8A7 /* WeiBoSwiftUITests.xctest */,
				9984D1DF24CEE7A3008FE8A7 /* WeiBoSwiftUIUITests.xctest */,
			);
			name = Products;
			sourceTree = "<group>";
		};
		9984D1C024CEE7A1008FE8A7 /* WeiBo */ = {
			isa = PBXGroup;
			children = (
				9984D1C124CEE7A1008FE8A7 /* AppDelegate.swift */,
				9984D1C324CEE7A1008FE8A7 /* SceneDelegate.swift */,
				9984D1C524CEE7A1008FE8A7 /* ContentView.swift */,
				9975C85524D50CB800469D0B /* PostCell.swift */,
				997335A024CF123800D8CC35 /* PostVIPBadge.swift */,
				99E7F23824CF14D100DE83F8 /* Post.swift */,
				9975C85324D50BD200469D0B /* PostLiseView.swift */,
				99A694A924E1477C00AA0697 /* PostListCategory.swift */,
				99A694A324E1337D00AA0697 /* PostDetailView.swift */,
				99A694A124E1242E00AA0697 /* PostImageCell.swift */,
				99A694A524E13BAC00AA0697 /* HomeNavigationBar.swift */,
				99A694A724E141C700AA0697 /* HomeView.swift */,
				9975C85124D5073900469D0B /* PostCellToolbarButton.swift */,
				9984D1C724CEE7A3008FE8A7 /* Assets.xcassets */,
				9984D1CC24CEE7A3008FE8A7 /* LaunchScreen.storyboard */,
				9984D1CF24CEE7A3008FE8A7 /* Info.plist */,
				997334F924CF0F4600D8CC35 /* Resources */,
				9984D1C924CEE7A3008FE8A7 /* Preview Content */,
			);
			path = WeiBo;
			sourceTree = "<group>";
		};
		9984D1C924CEE7A3008FE8A7 /* Preview Content */ = {
			isa = PBXGroup;
			children = (
				9984D1CA24CEE7A3008FE8A7 /* Preview Assets.xcassets */,
			);
			path = "Preview Content";
			sourceTree = "<group>";
		};
		9984D1D724CEE7A3008FE8A7 /* WeiBoTests */ = {
			isa = PBXGroup;
			children = (
				9984D1D824CEE7A3008FE8A7 /* WeiBoTests.swift */,
				9984D1DA24CEE7A3008FE8A7 /* Info.plist */,
			);
			path = WeiBoTests;
			sourceTree = "<group>";
		};
		9984D1E224CEE7A3008FE8A7 /* WeiBoUITests */ = {
			isa = PBXGroup;
			children = (
				9984D1E324CEE7A3008FE8A7 /* WeiBoUITests.swift */,
				9984D1E524CEE7A3008FE8A7 /* Info.plist */,
			);
			path = WeiBoUITests;
			sourceTree = "<group>";
		};
/* End PBXGroup section */

/* Begin PBXNativeTarget section */
		9984D1BD24CEE7A1008FE8A7 /* WeiBoSwiftUI */ = {
			isa = PBXNativeTarget;
			buildConfigurationList = 9984D1E824CEE7A3008FE8A7 /* Build configuration list for PBXNativeTarget "WeiBoSwiftUI" */;
			buildPhases = (
				9984D1BA24CEE7A1008FE8A7 /* Sources */,
				9984D1BB24CEE7A1008FE8A7 /* Frameworks */,
				9984D1BC24CEE7A1008FE8A7 /* Resources */,
			);
			buildRules = (
			);
			dependencies = (
			);
			name = WeiBoSwiftUI;
			productName = WeiBo;
			productReference = 9984D1BE24CEE7A1008FE8A7 /* WeiBoSwiftUI.app */;
			productType = "com.apple.product-type.application";
		};
		9984D1D324CEE7A3008FE8A7 /* WeiBoSwiftUITests */ = {
			isa = PBXNativeTarget;
			buildConfigurationList = 9984D1EB24CEE7A3008FE8A7 /* Build configuration list for PBXNativeTarget "WeiBoSwiftUITests" */;
			buildPhases = (
				9984D1D024CEE7A3008FE8A7 /* Sources */,
				9984D1D124CEE7A3008FE8A7 /* Frameworks */,
				9984D1D224CEE7A3008FE8A7 /* Resources */,
			);
			buildRules = (
			);
			dependencies = (
				9984D1D624CEE7A3008FE8A7 /* PBXTargetDependency */,
			);
			name = WeiBoSwiftUITests;
			productName = WeiBoTests;
			productReference = 9984D1D424CEE7A3008FE8A7 /* WeiBoSwiftUITests.xctest */;
			productType = "com.apple.product-type.bundle.unit-test";
		};
		9984D1DE24CEE7A3008FE8A7 /* WeiBoSwiftUIUITests */ = {
			isa = PBXNativeTarget;
			buildConfigurationList = 9984D1EE24CEE7A3008FE8A7 /* Build configuration list for PBXNativeTarget "WeiBoSwiftUIUITests" */;
			buildPhases = (
				9984D1DB24CEE7A3008FE8A7 /* Sources */,
				9984D1DC24CEE7A3008FE8A7 /* Frameworks */,
				9984D1DD24CEE7A3008FE8A7 /* Resources */,
			);
			buildRules = (
			);
			dependencies = (
				9984D1E124CEE7A3008FE8A7 /* PBXTargetDependency */,
			);
			name = WeiBoSwiftUIUITests;
			productName = WeiBoUITests;
			productReference = 9984D1DF24CEE7A3008FE8A7 /* WeiBoSwiftUIUITests.xctest */;
			productType = "com.apple.product-type.bundle.ui-testing";
		};
/* End PBXNativeTarget section */

/* Begin PBXProject section */
		9984D1B624CEE7A1008FE8A7 /* Project object */ = {
			isa = PBXProject;
			attributes = {
				LastSwiftUpdateCheck = 1160;
				LastUpgradeCheck = 1160;
				ORGANIZATIONNAME = YB;
				TargetAttributes = {
					9984D1BD24CEE7A1008FE8A7 = {
						CreatedOnToolsVersion = 11.6;
					};
					9984D1D324CEE7A3008FE8A7 = {
						CreatedOnToolsVersion = 11.6;
						TestTargetID = 9984D1BD24CEE7A1008FE8A7;
					};
					9984D1DE24CEE7A3008FE8A7 = {
						CreatedOnToolsVersion = 11.6;
						TestTargetID = 9984D1BD24CEE7A1008FE8A7;
					};
				};
			};
			buildConfigurationList = 9984D1B924CEE7A1008FE8A7 /* Build configuration list for PBXProject "WeiBoSwiftUI" */;
			compatibilityVersion = "Xcode 9.3";
			developmentRegion = en;
			hasScannedForEncodings = 0;
			knownRegions = (
				en,
				Base,
			);
			mainGroup = 9984D1B524CEE7A1008FE8A7;
			productRefGroup = 9984D1BF24CEE7A1008FE8A7 /* Products */;
			projectDirPath = "";
			projectRoot = "";
			targets = (
				9984D1BD24CEE7A1008FE8A7 /* WeiBoSwiftUI */,
				9984D1D324CEE7A3008FE8A7 /* WeiBoSwiftUITests */,
				9984D1DE24CEE7A3008FE8A7 /* WeiBoSwiftUIUITests */,
			);
		};
/* End PBXProject section */

/* Begin PBXResourcesBuildPhase section */
		9984D1BC24CEE7A1008FE8A7 /* Resources */ = {
			isa = PBXResourcesBuildPhase;
			buildActionMask = 2147483647;
			files = (
				9973354F24CF0F4600D8CC35 /* 6ec3b446jw1e8qgp5bmzyj2050050aa8.jpg in Resources */,
				9973358224CF0F4700D8CC35 /* 6a2afec3jw8fb4ld0qf2gj20e80dsdfz.jpg in Resources */,
				9973359124CF0F4700D8CC35 /* eb5c94aegy1gav2509cp5j20zk0k0n2j.jpg in Resources */,
				9973359224CF0F4700D8CC35 /* 4e7f0c83gy1gam2mn58d3j22tc240qv5.jpg in Resources */,
				9973355E24CF0F4600D8CC35 /* 4e7f0c83gy1gam2mp0x4pj22tc240u0x.jpg in Resources */,
				9973359E24CF0F4700D8CC35 /* 6ec3b446gy1gavd523embj20j60pytd6.jpg in Resources */,
				9973356B24CF0F4700D8CC35 /* 8a0b5544gy1gauy2gmkg9j20u00gegnp.jpg in Resources */,
				9973356124CF0F4600D8CC35 /* 8a0b5544gy1gauy2ex786j20u0129aed.jpg in Resources */,
				9973357C24CF0F4700D8CC35 /* bca7fdafly1gax1gqehdaj20c80atq3x.jpg in Resources */,
				9973357424CF0F4700D8CC35 /* 7f9147a5ly1fzxlh6hzdnj20e90fl7me.jpg in Resources */,
				9973355024CF0F4600D8CC35 /* 8a0b5544jw1e8qgp5bmzyj2050050aa8.jpg in Resources */,
				9973359424CF0F4700D8CC35 /* 630584a6gy1gau54zyj61j20m80etn07.jpg in Resources */,
				9973357824CF0F4700D8CC35 /* bca7fdafly1gax1gqfgsjj20c80axaay.jpg in Resources */,
				9973355D24CF0F4600D8CC35 /* 6a2afec3gy1gaulykcejqj20t5145wns.jpg in Resources */,
				9973358724CF0F4700D8CC35 /* d0c21786ly1gavj2btv6tj20c80790tg.jpg in Resources */,
				9973358A24CF0F4700D8CC35 /* 630584a6ly8fqs5wwkkmrj20ku0kuta7.jpg in Resources */,
				9973354D24CF0F4600D8CC35 /* 8697cf1ely8gashxj3b09j20u00u040v.jpg in Resources */,
				9973356624CF0F4700D8CC35 /* 006gWxMEly8g0bjpl3ynij30kv0kv773.jpg in Resources */,
				9973355524CF0F4600D8CC35 /* 630584a6gy1gau54zl806j20m80etmzo.jpg in Resources */,
				9973357224CF0F4700D8CC35 /* bca7fdafly1gax1gqdnboj20c80atmxp.jpg in Resources */,
				9973358624CF0F4700D8CC35 /* 006PdkDogy1gap6ngiyn3j30u011idle.jpg in Resources */,
				9973356424CF0F4600D8CC35 /* bca7fdafgw1ekhkps65b1j2050050dg4.jpg in Resources */,
				9973355724CF0F4600D8CC35 /* 8a0b5544gy1gauy2flua6j20u00hitab.jpg in Resources */,
				9973359F24CF0F4700D8CC35 /* 005tnxzUly8gab4i2r73xj30u00u0js8.jpg in Resources */,
				9973357924CF0F4700D8CC35 /* c5aa834fly8g97m8ix9lcj20re0regnk.jpg in Resources */,
				9973355424CF0F4600D8CC35 /* 006gWxMEly1gavap8dywoj30hs0bwq48.jpg in Resources */,
				9973356C24CF0F4700D8CC35 /* 006gWxMEly1gavap8vsqaj30hs0bwgm6.jpg in Resources */,
				9973359024CF0F4700D8CC35 /* 700a34f6gy1gaunsxhp4pj20j60pkn1k.jpg in Resources */,
				9973355F24CF0F4600D8CC35 /* c5aa834fgy1gauzrb7s5ej20tz13qh5x.jpg in Resources */,
				9973355624CF0F4600D8CC35 /* 9dc7402fgy1gavd38wwlrj20j60nyq6y.jpg in Resources */,
				9973354E24CF0F4600D8CC35 /* d0c21786ly1gavj2c0kcej20c8096dh7.jpg in Resources */,
				9973358F24CF0F4700D8CC35 /* 76297935ly1gatz8g5rvxj22c03401kz.jpg in Resources */,
				9973357F24CF0F4700D8CC35 /* 006PdkDogy1gap6ngj12ej30u011itf7.jpg in Resources */,
				9973355224CF0F4600D8CC35 /* 9dc7402fjw1e8qgp5bmzyj2050050aa8.jpg in Resources */,
				9973358824CF0F4700D8CC35 /* PostListData_hot_1.json in Resources */,
				9973357D24CF0F4700D8CC35 /* d0c21786ly1gavj2d17d9j20c808zq3r.jpg in Resources */,
				9973358B24CF0F4700D8CC35 /* d0c21786ly1gavj2cowp9j20c8083ab4.jpg in Resources */,
				9973356D24CF0F4700D8CC35 /* 648ed25bjw8est9nqrtnij20500503yr.jpg in Resources */,
				9984D1CE24CEE7A3008FE8A7 /* LaunchScreen.storyboard in Resources */,
				9973357124CF0F4700D8CC35 /* 700a34f6gy1gaunsxgzixj20j60edmz8.jpg in Resources */,
				9973358D24CF0F4700D8CC35 /* 006gWxMEly1gavap86qr9j30ht0qo40t.jpg in Resources */,
				9973356924CF0F4700D8CC35 /* 4e7f0c83gy1gam2ml6nucj22tc240kjl.jpg in Resources */,
				9973358424CF0F4700D8CC35 /* 8a0b5544gy1gauy2hcozsj20u01czdiy.jpg in Resources */,
				9973359B24CF0F4700D8CC35 /* 6ec3b446gy1gavd4xud8lj20j60qkwj0.jpg in Resources */,
				9973358024CF0F4700D8CC35 /* 700a34f6gy1gaunsx2jywj20j60pkaeu.jpg in Resources */,
				9973356324CF0F4600D8CC35 /* 700a34f6gy1gaunswy5qnj20j60pkadk.jpg in Resources */,
				9984D1CB24CEE7A3008FE8A7 /* Preview Assets.xcassets in Resources */,
				9973358E24CF0F4700D8CC35 /* 76297935ly1gatz8k5itij22c02c01ky.jpg in Resources */,
				9973358C24CF0F4700D8CC35 /* 9dc7402fgy1gavd367p0pj20j60nywic.jpg in Resources */,
				9973359924CF0F4700D8CC35 /* 630584a6gy1gau54zgaxhj20m80et0vq.jpg in Resources */,
				9973359C24CF0F4700D8CC35 /* 4e7f0c83ly8g1ho507078j20ro0rojtq.jpg in Resources */,
				9973358324CF0F4700D8CC35 /* bca7fdafly1gax1gqd9vmj20c80ayaam.jpg in Resources */,
				9973355924CF0F4600D8CC35 /* 7f9147a5ly1fzxlgxgzpij20e90fltsj.jpg in Resources */,
				9973358524CF0F4700D8CC35 /* c5aa834fgy1gauzr95r6fj20tw0l3dq4.jpg in Resources */,
				9973355A24CF0F4600D8CC35 /* 76297935ly1gatz8obqvkj22c0340npe.jpg in Resources */,
				9973357A24CF0F4700D8CC35 /* 700a34f6ly8g9a29rjt92j20fn0iqdg8.jpg in Resources */,
				9973356724CF0F4700D8CC35 /* 6ec3b446gy1gavd51jc4lj20j60pmwhl.jpg in Resources */,
				9973359324CF0F4700D8CC35 /* eb5c94aegy1gav26fycwlj20zk1h8drh.jpg in Resources */,
				9973356024CF0F4600D8CC35 /* 700a34f6gy1gaunswxtlrj20j60pkgok.jpg in Resources */,
				9973358924CF0F4700D8CC35 /* eb5c94aely8fmvumnl9baj20v90v9q49.jpg in Resources */,
				9973358124CF0F4700D8CC35 /* 4e7f0c83gy1gam2mr1b81j22tc2407wi.jpg in Resources */,
				9984D1C824CEE7A3008FE8A7 /* Assets.xcassets in Resources */,
				9973356A24CF0F4700D8CC35 /* 4e7f0c83gy1gam2misv31j21hc0u016k.jpg in Resources */,
				9973359524CF0F4700D8CC35 /* c5aa834fgy1gauzr8ok78j20tz12fk8w.jpg in Resources */,
				9973357B24CF0F4700D8CC35 /* d0c21786ly1gavj2cdrkyj20c80720tg.jpg in Resources */,
				9973355324CF0F4600D8CC35 /* eb5c94aegy1gav25n5ibjj20zk1h8wuu.jpg in Resources */,
				9973359A24CF0F4700D8CC35 /* 4e7f0c83gy1gam2mjhk8zj21hc0v6wnx.jpg in Resources */,
				9973359724CF0F4700D8CC35 /* 9dc7402fgy1gavd37l9nwj20j60ny44q.jpg in Resources */,
				9973355124CF0F4600D8CC35 /* bca7fdafly1gax1gqdg6qj20c80avdgl.jpg in Resources */,
				9973359624CF0F4700D8CC35 /* 76297935ly8g4phfkq68hj20u00u0mzt.jpg in Resources */,
				9973357324CF0F4700D8CC35 /* c5aa834fgy1gauzr6venkj20u01hc12f.jpg in Resources */,
				9973356E24CF0F4700D8CC35 /* eb5c94aegy1gav25ox6dvj20u00k1go9.jpg in Resources */,
				9973359824CF0F4700D8CC35 /* 700a34f6gy1gaunswwui7j20j60pl78e.jpg in Resources */,
				9973356824CF0F4700D8CC35 /* 006gWxMEly1gavap88gttj30hs0a0dgf.jpg in Resources */,
				9973355C24CF0F4600D8CC35 /* 9dc7402fgy1gavd38kqjtj20j60nyn1d.jpg in Resources */,
				9973356F24CF0F4700D8CC35 /* 8a0b5544gy1gauy2g35yoj20u00fomzf.jpg in Resources */,
				9973357024CF0F4700D8CC35 /* 006PdkDoly8ffywe2fq39j304g04gwed.jpg in Resources */,
				9973355B24CF0F4600D8CC35 /* d0c21786ly8fsax1ftiifj20ro0ro43g.jpg in Resources */,
				9973356224CF0F4600D8CC35 /* 76297935ly1gatz89dzblj23402c0qv6.jpg in Resources */,
				9973357E24CF0F4700D8CC35 /* 8a0b5544gy1gauy2gz000j20u00n6wgj.jpg in Resources */,
				9973357524CF0F4700D8CC35 /* 630584a6gy1gau54zm4dtj20m80dftbv.jpg in Resources */,
				9973359D24CF0F4700D8CC35 /* bca7fdafly1gax1gqdhouj20c80axaam.jpg in Resources */,
				9973357724CF0F4700D8CC35 /* 9dc7402fgy1gavd39ba15j20j60nywii.jpg in Resources */,
				9973357624CF0F4700D8CC35 /* c5aa834fgy1gauzr86bp5j20pb0w47in.jpg in Resources */,
				9973356524CF0F4700D8CC35 /* PostListData_recommend_1.json in Resources */,
				9973355824CF0F4600D8CC35 /* 7f9147a5ly1fzxlh4ovuej20e90fl4fo.jpg in Resources */,
			);
			runOnlyForDeploymentPostprocessing = 0;
		};
		9984D1D224CEE7A3008FE8A7 /* Resources */ = {
			isa = PBXResourcesBuildPhase;
			buildActionMask = 2147483647;
			files = (
			);
			runOnlyForDeploymentPostprocessing = 0;
		};
		9984D1DD24CEE7A3008FE8A7 /* Resources */ = {
			isa = PBXResourcesBuildPhase;
			buildActionMask = 2147483647;
			files = (
			);
			runOnlyForDeploymentPostprocessing = 0;
		};
/* End PBXResourcesBuildPhase section */

/* Begin PBXSourcesBuildPhase section */
		9984D1BA24CEE7A1008FE8A7 /* Sources */ = {
			isa = PBXSourcesBuildPhase;
			buildActionMask = 2147483647;
			files = (
				9984D1C224CEE7A1008FE8A7 /* AppDelegate.swift in Sources */,
				99A694A424E1337D00AA0697 /* PostDetailView.swift in Sources */,
				9975C85224D5073900469D0B /* PostCellToolbarButton.swift in Sources */,
				9975C85424D50BD200469D0B /* PostLiseView.swift in Sources */,
				997335A124CF123800D8CC35 /* PostVIPBadge.swift in Sources */,
				9984D1C424CEE7A1008FE8A7 /* SceneDelegate.swift in Sources */,
				9984D1C624CEE7A1008FE8A7 /* ContentView.swift in Sources */,
				99A694A624E13BAC00AA0697 /* HomeNavigationBar.swift in Sources */,
				99E7F23924CF14D100DE83F8 /* Post.swift in Sources */,
				99A694A824E141C700AA0697 /* HomeView.swift in Sources */,
				99A694AA24E1477C00AA0697 /* PostListCategory.swift in Sources */,
				99A694A224E1242E00AA0697 /* PostImageCell.swift in Sources */,
				9975C85624D50CB800469D0B /* PostCell.swift in Sources */,
			);
			runOnlyForDeploymentPostprocessing = 0;
		};
		9984D1D024CEE7A3008FE8A7 /* Sources */ = {
			isa = PBXSourcesBuildPhase;
			buildActionMask = 2147483647;
			files = (
				9984D1D924CEE7A3008FE8A7 /* WeiBoTests.swift in Sources */,
			);
			runOnlyForDeploymentPostprocessing = 0;
		};
		9984D1DB24CEE7A3008FE8A7 /* Sources */ = {
			isa = PBXSourcesBuildPhase;
			buildActionMask = 2147483647;
			files = (
				9984D1E424CEE7A3008FE8A7 /* WeiBoUITests.swift in Sources */,
			);
			runOnlyForDeploymentPostprocessing = 0;
		};
/* End PBXSourcesBuildPhase section */

/* Begin PBXTargetDependency section */
		9984D1D624CEE7A3008FE8A7 /* PBXTargetDependency */ = {
			isa = PBXTargetDependency;
			target = 9984D1BD24CEE7A1008FE8A7 /* WeiBoSwiftUI */;
			targetProxy = 9984D1D524CEE7A3008FE8A7 /* PBXContainerItemProxy */;
		};
		9984D1E124CEE7A3008FE8A7 /* PBXTargetDependency */ = {
			isa = PBXTargetDependency;
			target = 9984D1BD24CEE7A1008FE8A7 /* WeiBoSwiftUI */;
			targetProxy = 9984D1E024CEE7A3008FE8A7 /* PBXContainerItemProxy */;
		};
/* End PBXTargetDependency section */

/* Begin PBXVariantGroup section */
		9984D1CC24CEE7A3008FE8A7 /* LaunchScreen.storyboard */ = {
			isa = PBXVariantGroup;
			children = (
				9984D1CD24CEE7A3008FE8A7 /* Base */,
			);
			name = LaunchScreen.storyboard;
			sourceTree = "<group>";
		};
/* End PBXVariantGroup section */

/* Begin XCBuildConfiguration section */
		9984D1E624CEE7A3008FE8A7 /* Debug */ = {
			isa = XCBuildConfiguration;
			buildSettings = {
				ALWAYS_SEARCH_USER_PATHS = NO;
				CLANG_ANALYZER_NONNULL = YES;
				CLANG_ANALYZER_NUMBER_OBJECT_CONVERSION = YES_AGGRESSIVE;
				CLANG_CXX_LANGUAGE_STANDARD = "gnu++14";
				CLANG_CXX_LIBRARY = "libc++";
				CLANG_ENABLE_MODULES = YES;
				CLANG_ENABLE_OBJC_ARC = YES;
				CLANG_ENABLE_OBJC_WEAK = YES;
				CLANG_WARN_BLOCK_CAPTURE_AUTORELEASING = YES;
				CLANG_WARN_BOOL_CONVERSION = YES;
				CLANG_WARN_COMMA = YES;
				CLANG_WARN_CONSTANT_CONVERSION = YES;
				CLANG_WARN_DEPRECATED_OBJC_IMPLEMENTATIONS = YES;
				CLANG_WARN_DIRECT_OBJC_ISA_USAGE = YES_ERROR;
				CLANG_WARN_DOCUMENTATION_COMMENTS = YES;
				CLANG_WARN_EMPTY_BODY = YES;
				CLANG_WARN_ENUM_CONVERSION = YES;
				CLANG_WARN_INFINITE_RECURSION = YES;
				CLANG_WARN_INT_CONVERSION = YES;
				CLANG_WARN_NON_LITERAL_NULL_CONVERSION = YES;
				CLANG_WARN_OBJC_IMPLICIT_RETAIN_SELF = YES;
				CLANG_WARN_OBJC_LITERAL_CONVERSION = YES;
				CLANG_WARN_OBJC_ROOT_CLASS = YES_ERROR;
				CLANG_WARN_RANGE_LOOP_ANALYSIS = YES;
				CLANG_WARN_STRICT_PROTOTYPES = YES;
				CLANG_WARN_SUSPICIOUS_MOVE = YES;
				CLANG_WARN_UNGUARDED_AVAILABILITY = YES_AGGRESSIVE;
				CLANG_WARN_UNREACHABLE_CODE = YES;
				CLANG_WARN__DUPLICATE_METHOD_MATCH = YES;
				COPY_PHASE_STRIP = NO;
				DEBUG_INFORMATION_FORMAT = dwarf;
				ENABLE_STRICT_OBJC_MSGSEND = YES;
				ENABLE_TESTABILITY = YES;
				GCC_C_LANGUAGE_STANDARD = gnu11;
				GCC_DYNAMIC_NO_PIC = NO;
				GCC_NO_COMMON_BLOCKS = YES;
				GCC_OPTIMIZATION_LEVEL = 0;
				GCC_PREPROCESSOR_DEFINITIONS = (
					"DEBUG=1",
					"$(inherited)",
				);
				GCC_WARN_64_TO_32_BIT_CONVERSION = YES;
				GCC_WARN_ABOUT_RETURN_TYPE = YES_ERROR;
				GCC_WARN_UNDECLARED_SELECTOR = YES;
				GCC_WARN_UNINITIALIZED_AUTOS = YES_AGGRESSIVE;
				GCC_WARN_UNUSED_FUNCTION = YES;
				GCC_WARN_UNUSED_VARIABLE = YES;
				IPHONEOS_DEPLOYMENT_TARGET = 13.6;
				MTL_ENABLE_DEBUG_INFO = INCLUDE_SOURCE;
				MTL_FAST_MATH = YES;
				ONLY_ACTIVE_ARCH = YES;
				SDKROOT = iphoneos;
				SWIFT_ACTIVE_COMPILATION_CONDITIONS = DEBUG;
				SWIFT_OPTIMIZATION_LEVEL = "-Onone";
			};
			name = Debug;
		};
		9984D1E724CEE7A3008FE8A7 /* Release */ = {
			isa = XCBuildConfiguration;
			buildSettings = {
				ALWAYS_SEARCH_USER_PATHS = NO;
				CLANG_ANALYZER_NONNULL = YES;
				CLANG_ANALYZER_NUMBER_OBJECT_CONVERSION = YES_AGGRESSIVE;
				CLANG_CXX_LANGUAGE_STANDARD = "gnu++14";
				CLANG_CXX_LIBRARY = "libc++";
				CLANG_ENABLE_MODULES = YES;
				CLANG_ENABLE_OBJC_ARC = YES;
				CLANG_ENABLE_OBJC_WEAK = YES;
				CLANG_WARN_BLOCK_CAPTURE_AUTORELEASING = YES;
				CLANG_WARN_BOOL_CONVERSION = YES;
				CLANG_WARN_COMMA = YES;
				CLANG_WARN_CONSTANT_CONVERSION = YES;
				CLANG_WARN_DEPRECATED_OBJC_IMPLEMENTATIONS = YES;
				CLANG_WARN_DIRECT_OBJC_ISA_USAGE = YES_ERROR;
				CLANG_WARN_DOCUMENTATION_COMMENTS = YES;
				CLANG_WARN_EMPTY_BODY = YES;
				CLANG_WARN_ENUM_CONVERSION = YES;
				CLANG_WARN_INFINITE_RECURSION = YES;
				CLANG_WARN_INT_CONVERSION = YES;
				CLANG_WARN_NON_LITERAL_NULL_CONVERSION = YES;
				CLANG_WARN_OBJC_IMPLICIT_RETAIN_SELF = YES;
				CLANG_WARN_OBJC_LITERAL_CONVERSION = YES;
				CLANG_WARN_OBJC_ROOT_CLASS = YES_ERROR;
				CLANG_WARN_RANGE_LOOP_ANALYSIS = YES;
				CLANG_WARN_STRICT_PROTOTYPES = YES;
				CLANG_WARN_SUSPICIOUS_MOVE = YES;
				CLANG_WARN_UNGUARDED_AVAILABILITY = YES_AGGRESSIVE;
				CLANG_WARN_UNREACHABLE_CODE = YES;
				CLANG_WARN__DUPLICATE_METHOD_MATCH = YES;
				COPY_PHASE_STRIP = NO;
				DEBUG_INFORMATION_FORMAT = "dwarf-with-dsym";
				ENABLE_NS_ASSERTIONS = NO;
				ENABLE_STRICT_OBJC_MSGSEND = YES;
				GCC_C_LANGUAGE_STANDARD = gnu11;
				GCC_NO_COMMON_BLOCKS = YES;
				GCC_WARN_64_TO_32_BIT_CONVERSION = YES;
				GCC_WARN_ABOUT_RETURN_TYPE = YES_ERROR;
				GCC_WARN_UNDECLARED_SELECTOR = YES;
				GCC_WARN_UNINITIALIZED_AUTOS = YES_AGGRESSIVE;
				GCC_WARN_UNUSED_FUNCTION = YES;
				GCC_WARN_UNUSED_VARIABLE = YES;
				IPHONEOS_DEPLOYMENT_TARGET = 13.6;
				MTL_ENABLE_DEBUG_INFO = NO;
				MTL_FAST_MATH = YES;
				SDKROOT = iphoneos;
				SWIFT_COMPILATION_MODE = wholemodule;
				SWIFT_OPTIMIZATION_LEVEL = "-O";
				VALIDATE_PRODUCT = YES;
			};
			name = Release;
		};
		9984D1E924CEE7A3008FE8A7 /* Debug */ = {
			isa = XCBuildConfiguration;
			buildSettings = {
				ASSETCATALOG_COMPILER_APPICON_NAME = AppIcon;
				CODE_SIGN_STYLE = Automatic;
				DEVELOPMENT_ASSET_PATHS = "\"WeiBo/Preview Content\"";
				ENABLE_PREVIEWS = YES;
				INFOPLIST_FILE = WeiBo/Info.plist;
				LD_RUNPATH_SEARCH_PATHS = (
					"$(inherited)",
					"@executable_path/Frameworks",
				);
				PRODUCT_BUNDLE_IDENTIFIER = com.mk.WeiBo;
				PRODUCT_NAME = "$(TARGET_NAME)";
				SWIFT_VERSION = 5.0;
				TARGETED_DEVICE_FAMILY = "1,2";
			};
			name = Debug;
		};
		9984D1EA24CEE7A3008FE8A7 /* Release */ = {
			isa = XCBuildConfiguration;
			buildSettings = {
				ASSETCATALOG_COMPILER_APPICON_NAME = AppIcon;
				CODE_SIGN_STYLE = Automatic;
				DEVELOPMENT_ASSET_PATHS = "\"WeiBo/Preview Content\"";
				ENABLE_PREVIEWS = YES;
				INFOPLIST_FILE = WeiBo/Info.plist;
				LD_RUNPATH_SEARCH_PATHS = (
					"$(inherited)",
					"@executable_path/Frameworks",
				);
				PRODUCT_BUNDLE_IDENTIFIER = com.mk.WeiBo;
				PRODUCT_NAME = "$(TARGET_NAME)";
				SWIFT_VERSION = 5.0;
				TARGETED_DEVICE_FAMILY = "1,2";
			};
			name = Release;
		};
		9984D1EC24CEE7A3008FE8A7 /* Debug */ = {
			isa = XCBuildConfiguration;
			buildSettings = {
				ALWAYS_EMBED_SWIFT_STANDARD_LIBRARIES = YES;
				BUNDLE_LOADER = "$(TEST_HOST)";
				CODE_SIGN_STYLE = Automatic;
				INFOPLIST_FILE = WeiBoTests/Info.plist;
				IPHONEOS_DEPLOYMENT_TARGET = 13.6;
				LD_RUNPATH_SEARCH_PATHS = (
					"$(inherited)",
					"@executable_path/Frameworks",
					"@loader_path/Frameworks",
				);
				PRODUCT_BUNDLE_IDENTIFIER = com.mk.WeiBoTests;
				PRODUCT_NAME = "$(TARGET_NAME)";
				SWIFT_VERSION = 5.0;
				TARGETED_DEVICE_FAMILY = "1,2";
				TEST_HOST = "$(BUILT_PRODUCTS_DIR)/WeiBoSwiftUI.app/WeiBoSwiftUI";
			};
			name = Debug;
		};
		9984D1ED24CEE7A3008FE8A7 /* Release */ = {
			isa = XCBuildConfiguration;
			buildSettings = {
				ALWAYS_EMBED_SWIFT_STANDARD_LIBRARIES = YES;
				BUNDLE_LOADER = "$(TEST_HOST)";
				CODE_SIGN_STYLE = Automatic;
				INFOPLIST_FILE = WeiBoTests/Info.plist;
				IPHONEOS_DEPLOYMENT_TARGET = 13.6;
				LD_RUNPATH_SEARCH_PATHS = (
					"$(inherited)",
					"@executable_path/Frameworks",
					"@loader_path/Frameworks",
				);
				PRODUCT_BUNDLE_IDENTIFIER = com.mk.WeiBoTests;
				PRODUCT_NAME = "$(TARGET_NAME)";
				SWIFT_VERSION = 5.0;
				TARGETED_DEVICE_FAMILY = "1,2";
				TEST_HOST = "$(BUILT_PRODUCTS_DIR)/WeiBoSwiftUI.app/WeiBoSwiftUI";
			};
			name = Release;
		};
		9984D1EF24CEE7A3008FE8A7 /* Debug */ = {
			isa = XCBuildConfiguration;
			buildSettings = {
				ALWAYS_EMBED_SWIFT_STANDARD_LIBRARIES = YES;
				CODE_SIGN_STYLE = Automatic;
				INFOPLIST_FILE = WeiBoUITests/Info.plist;
				LD_RUNPATH_SEARCH_PATHS = (
					"$(inherited)",
					"@executable_path/Frameworks",
					"@loader_path/Frameworks",
				);
				PRODUCT_BUNDLE_IDENTIFIER = com.mk.WeiBoUITests;
				PRODUCT_NAME = "$(TARGET_NAME)";
				SWIFT_VERSION = 5.0;
				TARGETED_DEVICE_FAMILY = "1,2";
				TEST_TARGET_NAME = WeiBo;
			};
			name = Debug;
		};
		9984D1F024CEE7A3008FE8A7 /* Release */ = {
			isa = XCBuildConfiguration;
			buildSettings = {
				ALWAYS_EMBED_SWIFT_STANDARD_LIBRARIES = YES;
				CODE_SIGN_STYLE = Automatic;
				INFOPLIST_FILE = WeiBoUITests/Info.plist;
				LD_RUNPATH_SEARCH_PATHS = (
					"$(inherited)",
					"@executable_path/Frameworks",
					"@loader_path/Frameworks",
				);
				PRODUCT_BUNDLE_IDENTIFIER = com.mk.WeiBoUITests;
				PRODUCT_NAME = "$(TARGET_NAME)";
				SWIFT_VERSION = 5.0;
				TARGETED_DEVICE_FAMILY = "1,2";
				TEST_TARGET_NAME = WeiBo;
			};
			name = Release;
		};
/* End XCBuildConfiguration section */

/* Begin XCConfigurationList section */
		9984D1B924CEE7A1008FE8A7 /* Build configuration list for PBXProject "WeiBoSwiftUI" */ = {
			isa = XCConfigurationList;
			buildConfigurations = (
				9984D1E624CEE7A3008FE8A7 /* Debug */,
				9984D1E724CEE7A3008FE8A7 /* Release */,
			);
			defaultConfigurationIsVisible = 0;
			defaultConfigurationName = Release;
		};
		9984D1E824CEE7A3008FE8A7 /* Build configuration list for PBXNativeTarget "WeiBoSwiftUI" */ = {
			isa = XCConfigurationList;
			buildConfigurations = (
				9984D1E924CEE7A3008FE8A7 /* Debug */,
				9984D1EA24CEE7A3008FE8A7 /* Release */,
			);
			defaultConfigurationIsVisible = 0;
			defaultConfigurationName = Release;
		};
		9984D1EB24CEE7A3008FE8A7 /* Build configuration list for PBXNativeTarget "WeiBoSwiftUITests" */ = {
			isa = XCConfigurationList;
			buildConfigurations = (
				9984D1EC24CEE7A3008FE8A7 /* Debug */,
				9984D1ED24CEE7A3008FE8A7 /* Release */,
			);
			defaultConfigurationIsVisible = 0;
			defaultConfigurationName = Release;
		};
		9984D1EE24CEE7A3008FE8A7 /* Build configuration list for PBXNativeTarget "WeiBoSwiftUIUITests" */ = {
			isa = XCConfigurationList;
			buildConfigurations = (
				9984D1EF24CEE7A3008FE8A7 /* Debug */,
				9984D1F024CEE7A3008FE8A7 /* Release */,
			);
			defaultConfigurationIsVisible = 0;
			defaultConfigurationName = Release;
		};
/* End XCConfigurationList section */
	};
	rootObject = 9984D1B624CEE7A1008FE8A7 /* Project object */;
}
